
Microsoft Visual Studio Solution File, Format Version 12.00
# Visual Studio 14
VisualStudioVersion = 14.0.25123.0
MinimumVisualStudioVersion = 10.0.40219.1
Project("{FAE04EC0-301F-11D3-BF4B-00C04F79EFBC}") = "Samples.Universal.Client.Presentation.Shell", "Samples.Universal.Client.Presentation.Shell\Samples.Universal.Client.Presentation.Shell.csproj", "{FFB623FC-A887-47DD-B5EC-02891554A879}"
EndProject
Project("{2150E333-8FDC-42A3-9474-1A3956D46DE8}") = "Data", "Data", "{8EBED338-A787-47EF-AD84-F94632AAEFBB}"
EndProject
Project("{2150E333-8FDC-42A3-9474-1A3956D46DE8}") = "Contracts", "Contracts", "{1B063B72-6122-428B-8BE1-33AF36E50D73}"
EndProject
Project("{2150E333-8FDC-42A3-9474-1A3956D46DE8}") = "Model", "Model", "{FF80CE9B-F7F2-4006-939A-6E2F12D994A9}"
EndProject
Project("{2150E333-8FDC-42A3-9474-1A3956D46DE8}") = "Presentation", "Presentation", "{3B0CEF1C-B6E2-41F8-A756-40482E4C9363}"
EndProject
Project("{2150E333-8FDC-42A3-9474-1A3956D46DE8}") = "Fake", "Fake", "{F20F3474-9F72-4A8D-80D9-A61536E13CC1}"
EndProject
Project("{FAE04EC0-301F-11D3-BF4B-00C04F79EFBC}") = "Samples.Client.Data.Contracts.Dto", "Samples.Client.Data.Contracts.Dto\Samples.Client.Data.Contracts.Dto.csproj", "{8A567338-89FB-49AA-80FE-B47AE861D6A7}"
EndProject
Project("{FAE04EC0-301F-11D3-BF4B-00C04F79EFBC}") = "Samples.Client.Data.Contracts.Providers", "Samples.Client.Data.Contracts.Providers\Samples.Client.Data.Contracts.Providers.csproj", "{D2432BC9-C269-47CA-85AC-7B1F79BDD2B7}"
EndProject
Project("{FAE04EC0-301F-11D3-BF4B-00C04F79EFBC}") = "Samples.Client.Model.Contracts", "Samples.Client.Model.Contracts\Samples.Client.Model.Contracts.csproj", "{536D34E4-A409-4567-B7C6-58F50206740E}"
EndProject
Project("{FAE04EC0-301F-11D3-BF4B-00C04F79EFBC}") = "Samples.Client.Model.Shared", "Samples.Client.Model.Shared\Samples.Client.Model.Shared.csproj", "{49724A56-9FA9-44C4-B731-1E414EE598BC}"
EndProject
Project("{FAE04EC0-301F-11D3-BF4B-00C04F79EFBC}") = "Samples.Client.Model", "Samples.Client.Model\Samples.Client.Model.csproj", "{33766857-5FCE-4C2C-B167-E76A9F521FF0}"
EndProject
Project("{FAE04EC0-301F-11D3-BF4B-00C04F79EFBC}") = "Samples.Client.Data.Fake.Containers", "Samples.Client.Data.Fake.Containers\Samples.Client.Data.Fake.Containers.csproj", "{AD12275A-AEB6-4DE1-8B9F-49AE7A161873}"
EndProject
Project("{FAE04EC0-301F-11D3-BF4B-00C04F79EFBC}") = "Samples.Client.Data.Fake.ProviderBuilders", "Samples.Client.Data.Fake.ProviderBuilders\Samples.Client.Data.Fake.ProviderBuilders.csproj", "{6C0049C1-2EA3-47FB-A223-A92B4CE9A4E9}"
EndProject
Project("{FAE04EC0-301F-11D3-BF4B-00C04F79EFBC}") = "Samples.Client.Data.Fake.Providers", "Samples.Client.Data.Fake.Providers\Samples.Client.Data.Fake.Providers.csproj", "{457F2D20-5977-4C06-8101-F1B3BE831A32}"
EndProject
Project("{2150E333-8FDC-42A3-9474-1A3956D46DE8}") = "Real", "Real", "{125BA70E-1584-4FB4-B6CD-2418B6786CA3}"
EndProject
Project("{FAE04EC0-301F-11D3-BF4B-00C04F79EFBC}") = "Samples.Client.Data.Real.Providers", "Samples.Client.Data.Real.Providers\Samples.Client.Data.Real.Providers.csproj", "{AB7749F5-FA32-4FCF-A045-37A2851AF53C}"
EndProject
Global
	GlobalSection(SolutionConfigurationPlatforms) = preSolution
		Debug|Any CPU = Debug|Any CPU
		Debug|ARM = Debug|ARM
		Debug|x64 = Debug|x64
		Debug|x86 = Debug|x86
		DebugWithFake|Any CPU = DebugWithFake|Any CPU
		DebugWithFake|ARM = DebugWithFake|ARM
		DebugWithFake|x64 = DebugWithFake|x64
		DebugWithFake|x86 = DebugWithFake|x86
		DebugWithReal|Any CPU = DebugWithReal|Any CPU
		DebugWithReal|ARM = DebugWithReal|ARM
		DebugWithReal|x64 = DebugWithReal|x64
		DebugWithReal|x86 = DebugWithReal|x86
		Release|Any CPU = Release|Any CPU
		Release|ARM = Release|ARM
		Release|x64 = Release|x64
		Release|x86 = Release|x86
		TestsWithFake|Any CPU = TestsWithFake|Any CPU
		TestsWithFake|ARM = TestsWithFake|ARM
		TestsWithFake|x64 = TestsWithFake|x64
		TestsWithFake|x86 = TestsWithFake|x86
		TestsWithReal|Any CPU = TestsWithReal|Any CPU
		TestsWithReal|ARM = TestsWithReal|ARM
		TestsWithReal|x64 = TestsWithReal|x64
		TestsWithReal|x86 = TestsWithReal|x86
	EndGlobalSection
	GlobalSection(ProjectConfigurationPlatforms) = postSolution
		{FFB623FC-A887-47DD-B5EC-02891554A879}.Debug|Any CPU.ActiveCfg = Debug|x86
		{FFB623FC-A887-47DD-B5EC-02891554A879}.Debug|ARM.ActiveCfg = Debug|ARM
		{FFB623FC-A887-47DD-B5EC-02891554A879}.Debug|ARM.Build.0 = Debug|ARM
		{FFB623FC-A887-47DD-B5EC-02891554A879}.Debug|ARM.Deploy.0 = Debug|ARM
		{FFB623FC-A887-47DD-B5EC-02891554A879}.Debug|x64.ActiveCfg = Debug|x64
		{FFB623FC-A887-47DD-B5EC-02891554A879}.Debug|x64.Build.0 = Debug|x64
		{FFB623FC-A887-47DD-B5EC-02891554A879}.Debug|x64.Deploy.0 = Debug|x64
		{FFB623FC-A887-47DD-B5EC-02891554A879}.Debug|x86.ActiveCfg = Debug|x86
		{FFB623FC-A887-47DD-B5EC-02891554A879}.Debug|x86.Build.0 = Debug|x86
		{FFB623FC-A887-47DD-B5EC-02891554A879}.Debug|x86.Deploy.0 = Debug|x86
		{FFB623FC-A887-47DD-B5EC-02891554A879}.DebugWithFake|Any CPU.ActiveCfg = Release|x64
		{FFB623FC-A887-47DD-B5EC-02891554A879}.DebugWithFake|Any CPU.Build.0 = Release|x64
		{FFB623FC-A887-47DD-B5EC-02891554A879}.DebugWithFake|Any CPU.Deploy.0 = Release|x64
		{FFB623FC-A887-47DD-B5EC-02891554A879}.DebugWithFake|ARM.ActiveCfg = Debug|ARM
		{FFB623FC-A887-47DD-B5EC-02891554A879}.DebugWithFake|ARM.Build.0 = Debug|ARM
		{FFB623FC-A887-47DD-B5EC-02891554A879}.DebugWithFake|ARM.Deploy.0 = Debug|ARM
		{FFB623FC-A887-47DD-B5EC-02891554A879}.DebugWithFake|x64.ActiveCfg = Debug|x64
		{FFB623FC-A887-47DD-B5EC-02891554A879}.DebugWithFake|x64.Build.0 = Debug|x64
		{FFB623FC-A887-47DD-B5EC-02891554A879}.DebugWithFake|x64.Deploy.0 = Debug|x64
		{FFB623FC-A887-47DD-B5EC-02891554A879}.DebugWithFake|x86.ActiveCfg = Debug|x86
		{FFB623FC-A887-47DD-B5EC-02891554A879}.DebugWithFake|x86.Build.0 = Debug|x86
		{FFB623FC-A887-47DD-B5EC-02891554A879}.DebugWithFake|x86.Deploy.0 = Debug|x86
		{FFB623FC-A887-47DD-B5EC-02891554A879}.DebugWithReal|Any CPU.ActiveCfg = Release|x64
		{FFB623FC-A887-47DD-B5EC-02891554A879}.DebugWithReal|Any CPU.Build.0 = Release|x64
		{FFB623FC-A887-47DD-B5EC-02891554A879}.DebugWithReal|Any CPU.Deploy.0 = Release|x64
		{FFB623FC-A887-47DD-B5EC-02891554A879}.DebugWithReal|ARM.ActiveCfg = Debug|ARM
		{FFB623FC-A887-47DD-B5EC-02891554A879}.DebugWithReal|ARM.Build.0 = Debug|ARM
		{FFB623FC-A887-47DD-B5EC-02891554A879}.DebugWithReal|ARM.Deploy.0 = Debug|ARM
		{FFB623FC-A887-47DD-B5EC-02891554A879}.DebugWithReal|x64.ActiveCfg = Debug|x64
		{FFB623FC-A887-47DD-B5EC-02891554A879}.DebugWithReal|x64.Build.0 = Debug|x64
		{FFB623FC-A887-47DD-B5EC-02891554A879}.DebugWithReal|x64.Deploy.0 = Debug|x64
		{FFB623FC-A887-47DD-B5EC-02891554A879}.DebugWithReal|x86.ActiveCfg = Debug|x86
		{FFB623FC-A887-47DD-B5EC-02891554A879}.DebugWithReal|x86.Build.0 = Debug|x86
		{FFB623FC-A887-47DD-B5EC-02891554A879}.DebugWithReal|x86.Deploy.0 = Debug|x86
		{FFB623FC-A887-47DD-B5EC-02891554A879}.Release|Any CPU.ActiveCfg = Release|x86
		{FFB623FC-A887-47DD-B5EC-02891554A879}.Release|ARM.ActiveCfg = Release|ARM
		{FFB623FC-A887-47DD-B5EC-02891554A879}.Release|ARM.Build.0 = Release|ARM
		{FFB623FC-A887-47DD-B5EC-02891554A879}.Release|ARM.Deploy.0 = Release|ARM
		{FFB623FC-A887-47DD-B5EC-02891554A879}.Release|x64.ActiveCfg = Release|x64
		{FFB623FC-A887-47DD-B5EC-02891554A879}.Release|x64.Build.0 = Release|x64
		{FFB623FC-A887-47DD-B5EC-02891554A879}.Release|x64.Deploy.0 = Release|x64
		{FFB623FC-A887-47DD-B5EC-02891554A879}.Release|x86.ActiveCfg = Release|x86
		{FFB623FC-A887-47DD-B5EC-02891554A879}.Release|x86.Build.0 = Release|x86
		{FFB623FC-A887-47DD-B5EC-02891554A879}.Release|x86.Deploy.0 = Release|x86
		{FFB623FC-A887-47DD-B5EC-02891554A879}.TestsWithFake|Any CPU.ActiveCfg = Release|x64
		{FFB623FC-A887-47DD-B5EC-02891554A879}.TestsWithFake|Any CPU.Build.0 = Release|x64
		{FFB623FC-A887-47DD-B5EC-02891554A879}.TestsWithFake|Any CPU.Deploy.0 = Release|x64
		{FFB623FC-A887-47DD-B5EC-02891554A879}.TestsWithFake|ARM.ActiveCfg = Release|ARM
		{FFB623FC-A887-47DD-B5EC-02891554A879}.TestsWithFake|ARM.Build.0 = Release|ARM
		{FFB623FC-A887-47DD-B5EC-02891554A879}.TestsWithFake|ARM.Deploy.0 = Release|ARM
		{FFB623FC-A887-47DD-B5EC-02891554A879}.TestsWithFake|x64.ActiveCfg = Release|x64
		{FFB623FC-A887-47DD-B5EC-02891554A879}.TestsWithFake|x64.Build.0 = Release|x64
		{FFB623FC-A887-47DD-B5EC-02891554A879}.TestsWithFake|x64.Deploy.0 = Release|x64
		{FFB623FC-A887-47DD-B5EC-02891554A879}.TestsWithFake|x86.ActiveCfg = Release|x86
		{FFB623FC-A887-47DD-B5EC-02891554A879}.TestsWithFake|x86.Build.0 = Release|x86
		{FFB623FC-A887-47DD-B5EC-02891554A879}.TestsWithFake|x86.Deploy.0 = Release|x86
		{FFB623FC-A887-47DD-B5EC-02891554A879}.TestsWithReal|Any CPU.ActiveCfg = Release|x64
		{FFB623FC-A887-47DD-B5EC-02891554A879}.TestsWithReal|Any CPU.Build.0 = Release|x64
		{FFB623FC-A887-47DD-B5EC-02891554A879}.TestsWithReal|Any CPU.Deploy.0 = Release|x64
		{FFB623FC-A887-47DD-B5EC-02891554A879}.TestsWithReal|ARM.ActiveCfg = Release|ARM
		{FFB623FC-A887-47DD-B5EC-02891554A879}.TestsWithReal|ARM.Build.0 = Release|ARM
		{FFB623FC-A887-47DD-B5EC-02891554A879}.TestsWithReal|ARM.Deploy.0 = Release|ARM
		{FFB623FC-A887-47DD-B5EC-02891554A879}.TestsWithReal|x64.ActiveCfg = Release|x64
		{FFB623FC-A887-47DD-B5EC-02891554A879}.TestsWithReal|x64.Build.0 = Release|x64
		{FFB623FC-A887-47DD-B5EC-02891554A879}.TestsWithReal|x64.Deploy.0 = Release|x64
		{FFB623FC-A887-47DD-B5EC-02891554A879}.TestsWithReal|x86.ActiveCfg = Release|x86
		{FFB623FC-A887-47DD-B5EC-02891554A879}.TestsWithReal|x86.Build.0 = Release|x86
		{FFB623FC-A887-47DD-B5EC-02891554A879}.TestsWithReal|x86.Deploy.0 = Release|x86
		{8A567338-89FB-49AA-80FE-B47AE861D6A7}.Debug|Any CPU.ActiveCfg = Debug|Any CPU
		{8A567338-89FB-49AA-80FE-B47AE861D6A7}.Debug|Any CPU.Build.0 = Debug|Any CPU
		{8A567338-89FB-49AA-80FE-B47AE861D6A7}.Debug|ARM.ActiveCfg = Debug|Any CPU
		{8A567338-89FB-49AA-80FE-B47AE861D6A7}.Debug|ARM.Build.0 = Debug|Any CPU
		{8A567338-89FB-49AA-80FE-B47AE861D6A7}.Debug|x64.ActiveCfg = Debug|Any CPU
		{8A567338-89FB-49AA-80FE-B47AE861D6A7}.Debug|x64.Build.0 = Debug|Any CPU
		{8A567338-89FB-49AA-80FE-B47AE861D6A7}.Debug|x86.ActiveCfg = Debug|Any CPU
		{8A567338-89FB-49AA-80FE-B47AE861D6A7}.Debug|x86.Build.0 = Debug|Any CPU
		{8A567338-89FB-49AA-80FE-B47AE861D6A7}.DebugWithFake|Any CPU.ActiveCfg = Debug|Any CPU
		{8A567338-89FB-49AA-80FE-B47AE861D6A7}.DebugWithFake|Any CPU.Build.0 = Debug|Any CPU
		{8A567338-89FB-49AA-80FE-B47AE861D6A7}.DebugWithFake|ARM.ActiveCfg = Debug|Any CPU
		{8A567338-89FB-49AA-80FE-B47AE861D6A7}.DebugWithFake|ARM.Build.0 = Debug|Any CPU
		{8A567338-89FB-49AA-80FE-B47AE861D6A7}.DebugWithFake|x64.ActiveCfg = Debug|Any CPU
		{8A567338-89FB-49AA-80FE-B47AE861D6A7}.DebugWithFake|x64.Build.0 = Debug|Any CPU
		{8A567338-89FB-49AA-80FE-B47AE861D6A7}.DebugWithFake|x86.ActiveCfg = Debug|Any CPU
		{8A567338-89FB-49AA-80FE-B47AE861D6A7}.DebugWithFake|x86.Build.0 = Debug|Any CPU
		{8A567338-89FB-49AA-80FE-B47AE861D6A7}.DebugWithReal|Any CPU.ActiveCfg = Debug|Any CPU
		{8A567338-89FB-49AA-80FE-B47AE861D6A7}.DebugWithReal|Any CPU.Build.0 = Debug|Any CPU
		{8A567338-89FB-49AA-80FE-B47AE861D6A7}.DebugWithReal|ARM.ActiveCfg = Debug|Any CPU
		{8A567338-89FB-49AA-80FE-B47AE861D6A7}.DebugWithReal|ARM.Build.0 = Debug|Any CPU
		{8A567338-89FB-49AA-80FE-B47AE861D6A7}.DebugWithReal|x64.ActiveCfg = Debug|Any CPU
		{8A567338-89FB-49AA-80FE-B47AE861D6A7}.DebugWithReal|x64.Build.0 = Debug|Any CPU
		{8A567338-89FB-49AA-80FE-B47AE861D6A7}.DebugWithReal|x86.ActiveCfg = Debug|Any CPU
		{8A567338-89FB-49AA-80FE-B47AE861D6A7}.DebugWithReal|x86.Build.0 = Debug|Any CPU
		{8A567338-89FB-49AA-80FE-B47AE861D6A7}.Release|Any CPU.ActiveCfg = Release|Any CPU
		{8A567338-89FB-49AA-80FE-B47AE861D6A7}.Release|Any CPU.Build.0 = Release|Any CPU
		{8A567338-89FB-49AA-80FE-B47AE861D6A7}.Release|ARM.ActiveCfg = Release|Any CPU
		{8A567338-89FB-49AA-80FE-B47AE861D6A7}.Release|ARM.Build.0 = Release|Any CPU
		{8A567338-89FB-49AA-80FE-B47AE861D6A7}.Release|x64.ActiveCfg = Release|Any CPU
		{8A567338-89FB-49AA-80FE-B47AE861D6A7}.Release|x64.Build.0 = Release|Any CPU
		{8A567338-89FB-49AA-80FE-B47AE861D6A7}.Release|x86.ActiveCfg = Release|Any CPU
		{8A567338-89FB-49AA-80FE-B47AE861D6A7}.Release|x86.Build.0 = Release|Any CPU
		{8A567338-89FB-49AA-80FE-B47AE861D6A7}.TestsWithFake|Any CPU.ActiveCfg = Release|Any CPU
		{8A567338-89FB-49AA-80FE-B47AE861D6A7}.TestsWithFake|Any CPU.Build.0 = Release|Any CPU
		{8A567338-89FB-49AA-80FE-B47AE861D6A7}.TestsWithFake|ARM.ActiveCfg = Release|Any CPU
		{8A567338-89FB-49AA-80FE-B47AE861D6A7}.TestsWithFake|ARM.Build.0 = Release|Any CPU
		{8A567338-89FB-49AA-80FE-B47AE861D6A7}.TestsWithFake|x64.ActiveCfg = Release|Any CPU
		{8A567338-89FB-49AA-80FE-B47AE861D6A7}.TestsWithFake|x64.Build.0 = Release|Any CPU
		{8A567338-89FB-49AA-80FE-B47AE861D6A7}.TestsWithFake|x86.ActiveCfg = Release|Any CPU
		{8A567338-89FB-49AA-80FE-B47AE861D6A7}.TestsWithFake|x86.Build.0 = Release|Any CPU
		{8A567338-89FB-49AA-80FE-B47AE861D6A7}.TestsWithReal|Any CPU.ActiveCfg = Release|Any CPU
		{8A567338-89FB-49AA-80FE-B47AE861D6A7}.TestsWithReal|Any CPU.Build.0 = Release|Any CPU
		{8A567338-89FB-49AA-80FE-B47AE861D6A7}.TestsWithReal|ARM.ActiveCfg = Release|Any CPU
		{8A567338-89FB-49AA-80FE-B47AE861D6A7}.TestsWithReal|ARM.Build.0 = Release|Any CPU
		{8A567338-89FB-49AA-80FE-B47AE861D6A7}.TestsWithReal|x64.ActiveCfg = Release|Any CPU
		{8A567338-89FB-49AA-80FE-B47AE861D6A7}.TestsWithReal|x64.Build.0 = Release|Any CPU
		{8A567338-89FB-49AA-80FE-B47AE861D6A7}.TestsWithReal|x86.ActiveCfg = Release|Any CPU
		{8A567338-89FB-49AA-80FE-B47AE861D6A7}.TestsWithReal|x86.Build.0 = Release|Any CPU
		{D2432BC9-C269-47CA-85AC-7B1F79BDD2B7}.Debug|Any CPU.ActiveCfg = Debug|Any CPU
		{D2432BC9-C269-47CA-85AC-7B1F79BDD2B7}.Debug|Any CPU.Build.0 = Debug|Any CPU
		{D2432BC9-C269-47CA-85AC-7B1F79BDD2B7}.Debug|ARM.ActiveCfg = Debug|Any CPU
		{D2432BC9-C269-47CA-85AC-7B1F79BDD2B7}.Debug|ARM.Build.0 = Debug|Any CPU
		{D2432BC9-C269-47CA-85AC-7B1F79BDD2B7}.Debug|x64.ActiveCfg = Debug|Any CPU
		{D2432BC9-C269-47CA-85AC-7B1F79BDD2B7}.Debug|x64.Build.0 = Debug|Any CPU
		{D2432BC9-C269-47CA-85AC-7B1F79BDD2B7}.Debug|x86.ActiveCfg = Debug|Any CPU
		{D2432BC9-C269-47CA-85AC-7B1F79BDD2B7}.Debug|x86.Build.0 = Debug|Any CPU
		{D2432BC9-C269-47CA-85AC-7B1F79BDD2B7}.DebugWithFake|Any CPU.ActiveCfg = Debug|Any CPU
		{D2432BC9-C269-47CA-85AC-7B1F79BDD2B7}.DebugWithFake|Any CPU.Build.0 = Debug|Any CPU
		{D2432BC9-C269-47CA-85AC-7B1F79BDD2B7}.DebugWithFake|ARM.ActiveCfg = Debug|Any CPU
		{D2432BC9-C269-47CA-85AC-7B1F79BDD2B7}.DebugWithFake|ARM.Build.0 = Debug|Any CPU
		{D2432BC9-C269-47CA-85AC-7B1F79BDD2B7}.DebugWithFake|x64.ActiveCfg = Debug|Any CPU
		{D2432BC9-C269-47CA-85AC-7B1F79BDD2B7}.DebugWithFake|x64.Build.0 = Debug|Any CPU
		{D2432BC9-C269-47CA-85AC-7B1F79BDD2B7}.DebugWithFake|x86.ActiveCfg = Debug|Any CPU
		{D2432BC9-C269-47CA-85AC-7B1F79BDD2B7}.DebugWithFake|x86.Build.0 = Debug|Any CPU
		{D2432BC9-C269-47CA-85AC-7B1F79BDD2B7}.DebugWithReal|Any CPU.ActiveCfg = Debug|Any CPU
		{D2432BC9-C269-47CA-85AC-7B1F79BDD2B7}.DebugWithReal|Any CPU.Build.0 = Debug|Any CPU
		{D2432BC9-C269-47CA-85AC-7B1F79BDD2B7}.DebugWithReal|ARM.ActiveCfg = Debug|Any CPU
		{D2432BC9-C269-47CA-85AC-7B1F79BDD2B7}.DebugWithReal|ARM.Build.0 = Debug|Any CPU
		{D2432BC9-C269-47CA-85AC-7B1F79BDD2B7}.DebugWithReal|x64.ActiveCfg = Debug|Any CPU
		{D2432BC9-C269-47CA-85AC-7B1F79BDD2B7}.DebugWithReal|x64.Build.0 = Debug|Any CPU
		{D2432BC9-C269-47CA-85AC-7B1F79BDD2B7}.DebugWithReal|x86.ActiveCfg = Debug|Any CPU
		{D2432BC9-C269-47CA-85AC-7B1F79BDD2B7}.DebugWithReal|x86.Build.0 = Debug|Any CPU
		{D2432BC9-C269-47CA-85AC-7B1F79BDD2B7}.Release|Any CPU.ActiveCfg = Release|Any CPU
		{D2432BC9-C269-47CA-85AC-7B1F79BDD2B7}.Release|Any CPU.Build.0 = Release|Any CPU
		{D2432BC9-C269-47CA-85AC-7B1F79BDD2B7}.Release|ARM.ActiveCfg = Release|Any CPU
		{D2432BC9-C269-47CA-85AC-7B1F79BDD2B7}.Release|ARM.Build.0 = Release|Any CPU
		{D2432BC9-C269-47CA-85AC-7B1F79BDD2B7}.Release|x64.ActiveCfg = Release|Any CPU
		{D2432BC9-C269-47CA-85AC-7B1F79BDD2B7}.Release|x64.Build.0 = Release|Any CPU
		{D2432BC9-C269-47CA-85AC-7B1F79BDD2B7}.Release|x86.ActiveCfg = Release|Any CPU
		{D2432BC9-C269-47CA-85AC-7B1F79BDD2B7}.Release|x86.Build.0 = Release|Any CPU
		{D2432BC9-C269-47CA-85AC-7B1F79BDD2B7}.TestsWithFake|Any CPU.ActiveCfg = Release|Any CPU
		{D2432BC9-C269-47CA-85AC-7B1F79BDD2B7}.TestsWithFake|Any CPU.Build.0 = Release|Any CPU
		{D2432BC9-C269-47CA-85AC-7B1F79BDD2B7}.TestsWithFake|ARM.ActiveCfg = Release|Any CPU
		{D2432BC9-C269-47CA-85AC-7B1F79BDD2B7}.TestsWithFake|ARM.Build.0 = Release|Any CPU
		{D2432BC9-C269-47CA-85AC-7B1F79BDD2B7}.TestsWithFake|x64.ActiveCfg = Release|Any CPU
		{D2432BC9-C269-47CA-85AC-7B1F79BDD2B7}.TestsWithFake|x64.Build.0 = Release|Any CPU
		{D2432BC9-C269-47CA-85AC-7B1F79BDD2B7}.TestsWithFake|x86.ActiveCfg = Release|Any CPU
		{D2432BC9-C269-47CA-85AC-7B1F79BDD2B7}.TestsWithFake|x86.Build.0 = Release|Any CPU
		{D2432BC9-C269-47CA-85AC-7B1F79BDD2B7}.TestsWithReal|Any CPU.ActiveCfg = Release|Any CPU
		{D2432BC9-C269-47CA-85AC-7B1F79BDD2B7}.TestsWithReal|Any CPU.Build.0 = Release|Any CPU
		{D2432BC9-C269-47CA-85AC-7B1F79BDD2B7}.TestsWithReal|ARM.ActiveCfg = Release|Any CPU
		{D2432BC9-C269-47CA-85AC-7B1F79BDD2B7}.TestsWithReal|ARM.Build.0 = Release|Any CPU
		{D2432BC9-C269-47CA-85AC-7B1F79BDD2B7}.TestsWithReal|x64.ActiveCfg = Release|Any CPU
		{D2432BC9-C269-47CA-85AC-7B1F79BDD2B7}.TestsWithReal|x64.Build.0 = Release|Any CPU
		{D2432BC9-C269-47CA-85AC-7B1F79BDD2B7}.TestsWithReal|x86.ActiveCfg = Release|Any CPU
		{D2432BC9-C269-47CA-85AC-7B1F79BDD2B7}.TestsWithReal|x86.Build.0 = Release|Any CPU
		{536D34E4-A409-4567-B7C6-58F50206740E}.Debug|Any CPU.ActiveCfg = Debug|Any CPU
		{536D34E4-A409-4567-B7C6-58F50206740E}.Debug|Any CPU.Build.0 = Debug|Any CPU
		{536D34E4-A409-4567-B7C6-58F50206740E}.Debug|ARM.ActiveCfg = Debug|Any CPU
		{536D34E4-A409-4567-B7C6-58F50206740E}.Debug|ARM.Build.0 = Debug|Any CPU
		{536D34E4-A409-4567-B7C6-58F50206740E}.Debug|x64.ActiveCfg = Debug|Any CPU
		{536D34E4-A409-4567-B7C6-58F50206740E}.Debug|x64.Build.0 = Debug|Any CPU
		{536D34E4-A409-4567-B7C6-58F50206740E}.Debug|x86.ActiveCfg = Debug|Any CPU
		{536D34E4-A409-4567-B7C6-58F50206740E}.Debug|x86.Build.0 = Debug|Any CPU
		{536D34E4-A409-4567-B7C6-58F50206740E}.DebugWithFake|Any CPU.ActiveCfg = Debug|Any CPU
		{536D34E4-A409-4567-B7C6-58F50206740E}.DebugWithFake|Any CPU.Build.0 = Debug|Any CPU
		{536D34E4-A409-4567-B7C6-58F50206740E}.DebugWithFake|ARM.ActiveCfg = Debug|Any CPU
		{536D34E4-A409-4567-B7C6-58F50206740E}.DebugWithFake|ARM.Build.0 = Debug|Any CPU
		{536D34E4-A409-4567-B7C6-58F50206740E}.DebugWithFake|x64.ActiveCfg = Debug|Any CPU
		{536D34E4-A409-4567-B7C6-58F50206740E}.DebugWithFake|x64.Build.0 = Debug|Any CPU
		{536D34E4-A409-4567-B7C6-58F50206740E}.DebugWithFake|x86.ActiveCfg = Debug|Any CPU
		{536D34E4-A409-4567-B7C6-58F50206740E}.DebugWithFake|x86.Build.0 = Debug|Any CPU
		{536D34E4-A409-4567-B7C6-58F50206740E}.DebugWithReal|Any CPU.ActiveCfg = Debug|Any CPU
		{536D34E4-A409-4567-B7C6-58F50206740E}.DebugWithReal|Any CPU.Build.0 = Debug|Any CPU
		{536D34E4-A409-4567-B7C6-58F50206740E}.DebugWithReal|ARM.ActiveCfg = Debug|Any CPU
		{536D34E4-A409-4567-B7C6-58F50206740E}.DebugWithReal|ARM.Build.0 = Debug|Any CPU
		{536D34E4-A409-4567-B7C6-58F50206740E}.DebugWithReal|x64.ActiveCfg = Debug|Any CPU
		{536D34E4-A409-4567-B7C6-58F50206740E}.DebugWithReal|x64.Build.0 = Debug|Any CPU
		{536D34E4-A409-4567-B7C6-58F50206740E}.DebugWithReal|x86.ActiveCfg = Debug|Any CPU
		{536D34E4-A409-4567-B7C6-58F50206740E}.DebugWithReal|x86.Build.0 = Debug|Any CPU
		{536D34E4-A409-4567-B7C6-58F50206740E}.Release|Any CPU.ActiveCfg = Release|Any CPU
		{536D34E4-A409-4567-B7C6-58F50206740E}.Release|Any CPU.Build.0 = Release|Any CPU
		{536D34E4-A409-4567-B7C6-58F50206740E}.Release|ARM.ActiveCfg = Release|Any CPU
		{536D34E4-A409-4567-B7C6-58F50206740E}.Release|ARM.Build.0 = Release|Any CPU
		{536D34E4-A409-4567-B7C6-58F50206740E}.Release|x64.ActiveCfg = Release|Any CPU
		{536D34E4-A409-4567-B7C6-58F50206740E}.Release|x64.Build.0 = Release|Any CPU
		{536D34E4-A409-4567-B7C6-58F50206740E}.Release|x86.ActiveCfg = Release|Any CPU
		{536D34E4-A409-4567-B7C6-58F50206740E}.Release|x86.Build.0 = Release|Any CPU
		{536D34E4-A409-4567-B7C6-58F50206740E}.TestsWithFake|Any CPU.ActiveCfg = Release|Any CPU
		{536D34E4-A409-4567-B7C6-58F50206740E}.TestsWithFake|Any CPU.Build.0 = Release|Any CPU
		{536D34E4-A409-4567-B7C6-58F50206740E}.TestsWithFake|ARM.ActiveCfg = Release|Any CPU
		{536D34E4-A409-4567-B7C6-58F50206740E}.TestsWithFake|ARM.Build.0 = Release|Any CPU
		{536D34E4-A409-4567-B7C6-58F50206740E}.TestsWithFake|x64.ActiveCfg = Release|Any CPU
		{536D34E4-A409-4567-B7C6-58F50206740E}.TestsWithFake|x64.Build.0 = Release|Any CPU
		{536D34E4-A409-4567-B7C6-58F50206740E}.TestsWithFake|x86.ActiveCfg = Release|Any CPU
		{536D34E4-A409-4567-B7C6-58F50206740E}.TestsWithFake|x86.Build.0 = Release|Any CPU
		{536D34E4-A409-4567-B7C6-58F50206740E}.TestsWithReal|Any CPU.ActiveCfg = Release|Any CPU
		{536D34E4-A409-4567-B7C6-58F50206740E}.TestsWithReal|Any CPU.Build.0 = Release|Any CPU
		{536D34E4-A409-4567-B7C6-58F50206740E}.TestsWithReal|ARM.ActiveCfg = Release|Any CPU
		{536D34E4-A409-4567-B7C6-58F50206740E}.TestsWithReal|ARM.Build.0 = Release|Any CPU
		{536D34E4-A409-4567-B7C6-58F50206740E}.TestsWithReal|x64.ActiveCfg = Release|Any CPU
		{536D34E4-A409-4567-B7C6-58F50206740E}.TestsWithReal|x64.Build.0 = Release|Any CPU
		{536D34E4-A409-4567-B7C6-58F50206740E}.TestsWithReal|x86.ActiveCfg = Release|Any CPU
		{536D34E4-A409-4567-B7C6-58F50206740E}.TestsWithReal|x86.Build.0 = Release|Any CPU
		{49724A56-9FA9-44C4-B731-1E414EE598BC}.Debug|Any CPU.ActiveCfg = Debug|Any CPU
		{49724A56-9FA9-44C4-B731-1E414EE598BC}.Debug|Any CPU.Build.0 = Debug|Any CPU
		{49724A56-9FA9-44C4-B731-1E414EE598BC}.Debug|ARM.ActiveCfg = Debug|Any CPU
		{49724A56-9FA9-44C4-B731-1E414EE598BC}.Debug|ARM.Build.0 = Debug|Any CPU
		{49724A56-9FA9-44C4-B731-1E414EE598BC}.Debug|x64.ActiveCfg = Debug|Any CPU
		{49724A56-9FA9-44C4-B731-1E414EE598BC}.Debug|x64.Build.0 = Debug|Any CPU
		{49724A56-9FA9-44C4-B731-1E414EE598BC}.Debug|x86.ActiveCfg = Debug|Any CPU
		{49724A56-9FA9-44C4-B731-1E414EE598BC}.Debug|x86.Build.0 = Debug|Any CPU
		{49724A56-9FA9-44C4-B731-1E414EE598BC}.DebugWithFake|Any CPU.ActiveCfg = Debug|Any CPU
		{49724A56-9FA9-44C4-B731-1E414EE598BC}.DebugWithFake|Any CPU.Build.0 = Debug|Any CPU
		{49724A56-9FA9-44C4-B731-1E414EE598BC}.DebugWithFake|ARM.ActiveCfg = Debug|Any CPU
		{49724A56-9FA9-44C4-B731-1E414EE598BC}.DebugWithFake|ARM.Build.0 = Debug|Any CPU
		{49724A56-9FA9-44C4-B731-1E414EE598BC}.DebugWithFake|x64.ActiveCfg = Debug|Any CPU
		{49724A56-9FA9-44C4-B731-1E414EE598BC}.DebugWithFake|x64.Build.0 = Debug|Any CPU
		{49724A56-9FA9-44C4-B731-1E414EE598BC}.DebugWithFake|x86.ActiveCfg = Debug|Any CPU
		{49724A56-9FA9-44C4-B731-1E414EE598BC}.DebugWithFake|x86.Build.0 = Debug|Any CPU
		{49724A56-9FA9-44C4-B731-1E414EE598BC}.DebugWithReal|Any CPU.ActiveCfg = Debug|Any CPU
		{49724A56-9FA9-44C4-B731-1E414EE598BC}.DebugWithReal|Any CPU.Build.0 = Debug|Any CPU
		{49724A56-9FA9-44C4-B731-1E414EE598BC}.DebugWithReal|ARM.ActiveCfg = Debug|Any CPU
		{49724A56-9FA9-44C4-B731-1E414EE598BC}.DebugWithReal|ARM.Build.0 = Debug|Any CPU
		{49724A56-9FA9-44C4-B731-1E414EE598BC}.DebugWithReal|x64.ActiveCfg = Debug|Any CPU
		{49724A56-9FA9-44C4-B731-1E414EE598BC}.DebugWithReal|x64.Build.0 = Debug|Any CPU
		{49724A56-9FA9-44C4-B731-1E414EE598BC}.DebugWithReal|x86.ActiveCfg = Debug|Any CPU
		{49724A56-9FA9-44C4-B731-1E414EE598BC}.DebugWithReal|x86.Build.0 = Debug|Any CPU
		{49724A56-9FA9-44C4-B731-1E414EE598BC}.Release|Any CPU.ActiveCfg = Release|Any CPU
		{49724A56-9FA9-44C4-B731-1E414EE598BC}.Release|Any CPU.Build.0 = Release|Any CPU
		{49724A56-9FA9-44C4-B731-1E414EE598BC}.Release|ARM.ActiveCfg = Release|Any CPU
		{49724A56-9FA9-44C4-B731-1E414EE598BC}.Release|ARM.Build.0 = Release|Any CPU
		{49724A56-9FA9-44C4-B731-1E414EE598BC}.Release|x64.ActiveCfg = Release|Any CPU
		{49724A56-9FA9-44C4-B731-1E414EE598BC}.Release|x64.Build.0 = Release|Any CPU
		{49724A56-9FA9-44C4-B731-1E414EE598BC}.Release|x86.ActiveCfg = Release|Any CPU
		{49724A56-9FA9-44C4-B731-1E414EE598BC}.Release|x86.Build.0 = Release|Any CPU
		{49724A56-9FA9-44C4-B731-1E414EE598BC}.TestsWithFake|Any CPU.ActiveCfg = Release|Any CPU
		{49724A56-9FA9-44C4-B731-1E414EE598BC}.TestsWithFake|Any CPU.Build.0 = Release|Any CPU
		{49724A56-9FA9-44C4-B731-1E414EE598BC}.TestsWithFake|ARM.ActiveCfg = Release|Any CPU
		{49724A56-9FA9-44C4-B731-1E414EE598BC}.TestsWithFake|ARM.Build.0 = Release|Any CPU
		{49724A56-9FA9-44C4-B731-1E414EE598BC}.TestsWithFake|x64.ActiveCfg = Release|Any CPU
		{49724A56-9FA9-44C4-B731-1E414EE598BC}.TestsWithFake|x64.Build.0 = Release|Any CPU
		{49724A56-9FA9-44C4-B731-1E414EE598BC}.TestsWithFake|x86.ActiveCfg = Release|Any CPU
		{49724A56-9FA9-44C4-B731-1E414EE598BC}.TestsWithFake|x86.Build.0 = Release|Any CPU
		{49724A56-9FA9-44C4-B731-1E414EE598BC}.TestsWithReal|Any CPU.ActiveCfg = Release|Any CPU
		{49724A56-9FA9-44C4-B731-1E414EE598BC}.TestsWithReal|Any CPU.Build.0 = Release|Any CPU
		{49724A56-9FA9-44C4-B731-1E414EE598BC}.TestsWithReal|ARM.ActiveCfg = Release|Any CPU
		{49724A56-9FA9-44C4-B731-1E414EE598BC}.TestsWithReal|ARM.Build.0 = Release|Any CPU
		{49724A56-9FA9-44C4-B731-1E414EE598BC}.TestsWithReal|x64.ActiveCfg = Release|Any CPU
		{49724A56-9FA9-44C4-B731-1E414EE598BC}.TestsWithReal|x64.Build.0 = Release|Any CPU
		{49724A56-9FA9-44C4-B731-1E414EE598BC}.TestsWithReal|x86.ActiveCfg = Release|Any CPU
		{49724A56-9FA9-44C4-B731-1E414EE598BC}.TestsWithReal|x86.Build.0 = Release|Any CPU
		{33766857-5FCE-4C2C-B167-E76A9F521FF0}.Debug|Any CPU.ActiveCfg = Debug|Any CPU
		{33766857-5FCE-4C2C-B167-E76A9F521FF0}.Debug|Any CPU.Build.0 = Debug|Any CPU
		{33766857-5FCE-4C2C-B167-E76A9F521FF0}.Debug|ARM.ActiveCfg = Debug|Any CPU
		{33766857-5FCE-4C2C-B167-E76A9F521FF0}.Debug|ARM.Build.0 = Debug|Any CPU
		{33766857-5FCE-4C2C-B167-E76A9F521FF0}.Debug|x64.ActiveCfg = Debug|Any CPU
		{33766857-5FCE-4C2C-B167-E76A9F521FF0}.Debug|x64.Build.0 = Debug|Any CPU
		{33766857-5FCE-4C2C-B167-E76A9F521FF0}.Debug|x86.ActiveCfg = Debug|Any CPU
		{33766857-5FCE-4C2C-B167-E76A9F521FF0}.Debug|x86.Build.0 = Debug|Any CPU
		{33766857-5FCE-4C2C-B167-E76A9F521FF0}.DebugWithFake|Any CPU.ActiveCfg = Debug|Any CPU
		{33766857-5FCE-4C2C-B167-E76A9F521FF0}.DebugWithFake|Any CPU.Build.0 = Debug|Any CPU
		{33766857-5FCE-4C2C-B167-E76A9F521FF0}.DebugWithFake|ARM.ActiveCfg = Debug|Any CPU
		{33766857-5FCE-4C2C-B167-E76A9F521FF0}.DebugWithFake|ARM.Build.0 = Debug|Any CPU
		{33766857-5FCE-4C2C-B167-E76A9F521FF0}.DebugWithFake|x64.ActiveCfg = Debug|Any CPU
		{33766857-5FCE-4C2C-B167-E76A9F521FF0}.DebugWithFake|x64.Build.0 = Debug|Any CPU
		{33766857-5FCE-4C2C-B167-E76A9F521FF0}.DebugWithFake|x86.ActiveCfg = Debug|Any CPU
		{33766857-5FCE-4C2C-B167-E76A9F521FF0}.DebugWithFake|x86.Build.0 = Debug|Any CPU
		{33766857-5FCE-4C2C-B167-E76A9F521FF0}.DebugWithReal|Any CPU.ActiveCfg = Debug|Any CPU
		{33766857-5FCE-4C2C-B167-E76A9F521FF0}.DebugWithReal|Any CPU.Build.0 = Debug|Any CPU
		{33766857-5FCE-4C2C-B167-E76A9F521FF0}.DebugWithReal|ARM.ActiveCfg = Debug|Any CPU
		{33766857-5FCE-4C2C-B167-E76A9F521FF0}.DebugWithReal|ARM.Build.0 = Debug|Any CPU
		{33766857-5FCE-4C2C-B167-E76A9F521FF0}.DebugWithReal|x64.ActiveCfg = Debug|Any CPU
		{33766857-5FCE-4C2C-B167-E76A9F521FF0}.DebugWithReal|x64.Build.0 = Debug|Any CPU
		{33766857-5FCE-4C2C-B167-E76A9F521FF0}.DebugWithReal|x86.ActiveCfg = Debug|Any CPU
		{33766857-5FCE-4C2C-B167-E76A9F521FF0}.DebugWithReal|x86.Build.0 = Debug|Any CPU
		{33766857-5FCE-4C2C-B167-E76A9F521FF0}.Release|Any CPU.ActiveCfg = Release|Any CPU
		{33766857-5FCE-4C2C-B167-E76A9F521FF0}.Release|Any CPU.Build.0 = Release|Any CPU
		{33766857-5FCE-4C2C-B167-E76A9F521FF0}.Release|ARM.ActiveCfg = Release|Any CPU
		{33766857-5FCE-4C2C-B167-E76A9F521FF0}.Release|ARM.Build.0 = Release|Any CPU
		{33766857-5FCE-4C2C-B167-E76A9F521FF0}.Release|x64.ActiveCfg = Release|Any CPU
		{33766857-5FCE-4C2C-B167-E76A9F521FF0}.Release|x64.Build.0 = Release|Any CPU
		{33766857-5FCE-4C2C-B167-E76A9F521FF0}.Release|x86.ActiveCfg = Release|Any CPU
		{33766857-5FCE-4C2C-B167-E76A9F521FF0}.Release|x86.Build.0 = Release|Any CPU
		{33766857-5FCE-4C2C-B167-E76A9F521FF0}.TestsWithFake|Any CPU.ActiveCfg = Release|Any CPU
		{33766857-5FCE-4C2C-B167-E76A9F521FF0}.TestsWithFake|Any CPU.Build.0 = Release|Any CPU
		{33766857-5FCE-4C2C-B167-E76A9F521FF0}.TestsWithFake|ARM.ActiveCfg = Release|Any CPU
		{33766857-5FCE-4C2C-B167-E76A9F521FF0}.TestsWithFake|ARM.Build.0 = Release|Any CPU
		{33766857-5FCE-4C2C-B167-E76A9F521FF0}.TestsWithFake|x64.ActiveCfg = Release|Any CPU
		{33766857-5FCE-4C2C-B167-E76A9F521FF0}.TestsWithFake|x64.Build.0 = Release|Any CPU
		{33766857-5FCE-4C2C-B167-E76A9F521FF0}.TestsWithFake|x86.ActiveCfg = Release|Any CPU
		{33766857-5FCE-4C2C-B167-E76A9F521FF0}.TestsWithFake|x86.Build.0 = Release|Any CPU
		{33766857-5FCE-4C2C-B167-E76A9F521FF0}.TestsWithReal|Any CPU.ActiveCfg = Release|Any CPU
		{33766857-5FCE-4C2C-B167-E76A9F521FF0}.TestsWithReal|Any CPU.Build.0 = Release|Any CPU
		{33766857-5FCE-4C2C-B167-E76A9F521FF0}.TestsWithReal|ARM.ActiveCfg = Release|Any CPU
		{33766857-5FCE-4C2C-B167-E76A9F521FF0}.TestsWithReal|ARM.Build.0 = Release|Any CPU
		{33766857-5FCE-4C2C-B167-E76A9F521FF0}.TestsWithReal|x64.ActiveCfg = Release|Any CPU
		{33766857-5FCE-4C2C-B167-E76A9F521FF0}.TestsWithReal|x64.Build.0 = Release|Any CPU
		{33766857-5FCE-4C2C-B167-E76A9F521FF0}.TestsWithReal|x86.ActiveCfg = Release|Any CPU
		{33766857-5FCE-4C2C-B167-E76A9F521FF0}.TestsWithReal|x86.Build.0 = Release|Any CPU
		{AD12275A-AEB6-4DE1-8B9F-49AE7A161873}.Debug|Any CPU.ActiveCfg = Debug|Any CPU
		{AD12275A-AEB6-4DE1-8B9F-49AE7A161873}.Debug|Any CPU.Build.0 = Debug|Any CPU
		{AD12275A-AEB6-4DE1-8B9F-49AE7A161873}.Debug|ARM.ActiveCfg = Debug|Any CPU
		{AD12275A-AEB6-4DE1-8B9F-49AE7A161873}.Debug|ARM.Build.0 = Debug|Any CPU
		{AD12275A-AEB6-4DE1-8B9F-49AE7A161873}.Debug|x64.ActiveCfg = Debug|Any CPU
		{AD12275A-AEB6-4DE1-8B9F-49AE7A161873}.Debug|x64.Build.0 = Debug|Any CPU
		{AD12275A-AEB6-4DE1-8B9F-49AE7A161873}.Debug|x86.ActiveCfg = Debug|Any CPU
		{AD12275A-AEB6-4DE1-8B9F-49AE7A161873}.Debug|x86.Build.0 = Debug|Any CPU
		{AD12275A-AEB6-4DE1-8B9F-49AE7A161873}.DebugWithFake|Any CPU.ActiveCfg = DebugWithFake|Any CPU
		{AD12275A-AEB6-4DE1-8B9F-49AE7A161873}.DebugWithFake|Any CPU.Build.0 = DebugWithFake|Any CPU
		{AD12275A-AEB6-4DE1-8B9F-49AE7A161873}.DebugWithFake|ARM.ActiveCfg = DebugWithFake|Any CPU
		{AD12275A-AEB6-4DE1-8B9F-49AE7A161873}.DebugWithFake|ARM.Build.0 = DebugWithFake|Any CPU
		{AD12275A-AEB6-4DE1-8B9F-49AE7A161873}.DebugWithFake|x64.ActiveCfg = DebugWithFake|Any CPU
		{AD12275A-AEB6-4DE1-8B9F-49AE7A161873}.DebugWithFake|x64.Build.0 = DebugWithFake|Any CPU
		{AD12275A-AEB6-4DE1-8B9F-49AE7A161873}.DebugWithFake|x86.ActiveCfg = DebugWithFake|Any CPU
		{AD12275A-AEB6-4DE1-8B9F-49AE7A161873}.DebugWithFake|x86.Build.0 = DebugWithFake|Any CPU
		{AD12275A-AEB6-4DE1-8B9F-49AE7A161873}.DebugWithReal|Any CPU.ActiveCfg = DebugWithReal|Any CPU
		{AD12275A-AEB6-4DE1-8B9F-49AE7A161873}.DebugWithReal|Any CPU.Build.0 = DebugWithReal|Any CPU
		{AD12275A-AEB6-4DE1-8B9F-49AE7A161873}.DebugWithReal|ARM.ActiveCfg = DebugWithReal|Any CPU
		{AD12275A-AEB6-4DE1-8B9F-49AE7A161873}.DebugWithReal|ARM.Build.0 = DebugWithReal|Any CPU
		{AD12275A-AEB6-4DE1-8B9F-49AE7A161873}.DebugWithReal|x64.ActiveCfg = DebugWithReal|Any CPU
		{AD12275A-AEB6-4DE1-8B9F-49AE7A161873}.DebugWithReal|x64.Build.0 = DebugWithReal|Any CPU
		{AD12275A-AEB6-4DE1-8B9F-49AE7A161873}.DebugWithReal|x86.ActiveCfg = DebugWithReal|Any CPU
		{AD12275A-AEB6-4DE1-8B9F-49AE7A161873}.DebugWithReal|x86.Build.0 = DebugWithReal|Any CPU
		{AD12275A-AEB6-4DE1-8B9F-49AE7A161873}.Release|Any CPU.ActiveCfg = Release|Any CPU
		{AD12275A-AEB6-4DE1-8B9F-49AE7A161873}.Release|Any CPU.Build.0 = Release|Any CPU
		{AD12275A-AEB6-4DE1-8B9F-49AE7A161873}.Release|ARM.ActiveCfg = Release|Any CPU
		{AD12275A-AEB6-4DE1-8B9F-49AE7A161873}.Release|ARM.Build.0 = Release|Any CPU
		{AD12275A-AEB6-4DE1-8B9F-49AE7A161873}.Release|x64.ActiveCfg = Release|Any CPU
		{AD12275A-AEB6-4DE1-8B9F-49AE7A161873}.Release|x64.Build.0 = Release|Any CPU
		{AD12275A-AEB6-4DE1-8B9F-49AE7A161873}.Release|x86.ActiveCfg = Release|Any CPU
		{AD12275A-AEB6-4DE1-8B9F-49AE7A161873}.Release|x86.Build.0 = Release|Any CPU
		{AD12275A-AEB6-4DE1-8B9F-49AE7A161873}.TestsWithFake|Any CPU.ActiveCfg = TestsWithFake|Any CPU
		{AD12275A-AEB6-4DE1-8B9F-49AE7A161873}.TestsWithFake|Any CPU.Build.0 = TestsWithFake|Any CPU
		{AD12275A-AEB6-4DE1-8B9F-49AE7A161873}.TestsWithFake|ARM.ActiveCfg = TestsWithFake|Any CPU
		{AD12275A-AEB6-4DE1-8B9F-49AE7A161873}.TestsWithFake|ARM.Build.0 = TestsWithFake|Any CPU
		{AD12275A-AEB6-4DE1-8B9F-49AE7A161873}.TestsWithFake|x64.ActiveCfg = TestsWithFake|Any CPU
		{AD12275A-AEB6-4DE1-8B9F-49AE7A161873}.TestsWithFake|x64.Build.0 = TestsWithFake|Any CPU
		{AD12275A-AEB6-4DE1-8B9F-49AE7A161873}.TestsWithFake|x86.ActiveCfg = TestsWithFake|Any CPU
		{AD12275A-AEB6-4DE1-8B9F-49AE7A161873}.TestsWithFake|x86.Build.0 = TestsWithFake|Any CPU
		{AD12275A-AEB6-4DE1-8B9F-49AE7A161873}.TestsWithReal|Any CPU.ActiveCfg = TestsWithFake|Any CPU
		{AD12275A-AEB6-4DE1-8B9F-49AE7A161873}.TestsWithReal|Any CPU.Build.0 = TestsWithFake|Any CPU
		{AD12275A-AEB6-4DE1-8B9F-49AE7A161873}.TestsWithReal|ARM.ActiveCfg = TestsWithFake|Any CPU
		{AD12275A-AEB6-4DE1-8B9F-49AE7A161873}.TestsWithReal|ARM.Build.0 = TestsWithFake|Any CPU
		{AD12275A-AEB6-4DE1-8B9F-49AE7A161873}.TestsWithReal|x64.ActiveCfg = TestsWithFake|Any CPU
		{AD12275A-AEB6-4DE1-8B9F-49AE7A161873}.TestsWithReal|x64.Build.0 = TestsWithFake|Any CPU
		{AD12275A-AEB6-4DE1-8B9F-49AE7A161873}.TestsWithReal|x86.ActiveCfg = TestsWithFake|Any CPU
		{AD12275A-AEB6-4DE1-8B9F-49AE7A161873}.TestsWithReal|x86.Build.0 = TestsWithFake|Any CPU
		{6C0049C1-2EA3-47FB-A223-A92B4CE9A4E9}.Debug|Any CPU.ActiveCfg = Debug|Any CPU
		{6C0049C1-2EA3-47FB-A223-A92B4CE9A4E9}.Debug|Any CPU.Build.0 = Debug|Any CPU
		{6C0049C1-2EA3-47FB-A223-A92B4CE9A4E9}.Debug|ARM.ActiveCfg = Debug|Any CPU
		{6C0049C1-2EA3-47FB-A223-A92B4CE9A4E9}.Debug|ARM.Build.0 = Debug|Any CPU
		{6C0049C1-2EA3-47FB-A223-A92B4CE9A4E9}.Debug|x64.ActiveCfg = Debug|Any CPU
		{6C0049C1-2EA3-47FB-A223-A92B4CE9A4E9}.Debug|x64.Build.0 = Debug|Any CPU
		{6C0049C1-2EA3-47FB-A223-A92B4CE9A4E9}.Debug|x86.ActiveCfg = Debug|Any CPU
		{6C0049C1-2EA3-47FB-A223-A92B4CE9A4E9}.Debug|x86.Build.0 = Debug|Any CPU
		{6C0049C1-2EA3-47FB-A223-A92B4CE9A4E9}.DebugWithFake|Any CPU.ActiveCfg = Debug|Any CPU
		{6C0049C1-2EA3-47FB-A223-A92B4CE9A4E9}.DebugWithFake|Any CPU.Build.0 = Debug|Any CPU
		{6C0049C1-2EA3-47FB-A223-A92B4CE9A4E9}.DebugWithFake|ARM.ActiveCfg = Debug|Any CPU
		{6C0049C1-2EA3-47FB-A223-A92B4CE9A4E9}.DebugWithFake|ARM.Build.0 = Debug|Any CPU
		{6C0049C1-2EA3-47FB-A223-A92B4CE9A4E9}.DebugWithFake|x64.ActiveCfg = Debug|Any CPU
		{6C0049C1-2EA3-47FB-A223-A92B4CE9A4E9}.DebugWithFake|x64.Build.0 = Debug|Any CPU
		{6C0049C1-2EA3-47FB-A223-A92B4CE9A4E9}.DebugWithFake|x86.ActiveCfg = Debug|Any CPU
		{6C0049C1-2EA3-47FB-A223-A92B4CE9A4E9}.DebugWithFake|x86.Build.0 = Debug|Any CPU
		{6C0049C1-2EA3-47FB-A223-A92B4CE9A4E9}.DebugWithReal|Any CPU.ActiveCfg = Debug|Any CPU
		{6C0049C1-2EA3-47FB-A223-A92B4CE9A4E9}.DebugWithReal|Any CPU.Build.0 = Debug|Any CPU
		{6C0049C1-2EA3-47FB-A223-A92B4CE9A4E9}.DebugWithReal|ARM.ActiveCfg = Debug|Any CPU
		{6C0049C1-2EA3-47FB-A223-A92B4CE9A4E9}.DebugWithReal|ARM.Build.0 = Debug|Any CPU
		{6C0049C1-2EA3-47FB-A223-A92B4CE9A4E9}.DebugWithReal|x64.ActiveCfg = Debug|Any CPU
		{6C0049C1-2EA3-47FB-A223-A92B4CE9A4E9}.DebugWithReal|x64.Build.0 = Debug|Any CPU
		{6C0049C1-2EA3-47FB-A223-A92B4CE9A4E9}.DebugWithReal|x86.ActiveCfg = Debug|Any CPU
		{6C0049C1-2EA3-47FB-A223-A92B4CE9A4E9}.DebugWithReal|x86.Build.0 = Debug|Any CPU
		{6C0049C1-2EA3-47FB-A223-A92B4CE9A4E9}.Release|Any CPU.ActiveCfg = Release|Any CPU
		{6C0049C1-2EA3-47FB-A223-A92B4CE9A4E9}.Release|Any CPU.Build.0 = Release|Any CPU
		{6C0049C1-2EA3-47FB-A223-A92B4CE9A4E9}.Release|ARM.ActiveCfg = Release|Any CPU
		{6C0049C1-2EA3-47FB-A223-A92B4CE9A4E9}.Release|ARM.Build.0 = Release|Any CPU
		{6C0049C1-2EA3-47FB-A223-A92B4CE9A4E9}.Release|x64.ActiveCfg = Release|Any CPU
		{6C0049C1-2EA3-47FB-A223-A92B4CE9A4E9}.Release|x64.Build.0 = Release|Any CPU
		{6C0049C1-2EA3-47FB-A223-A92B4CE9A4E9}.Release|x86.ActiveCfg = Release|Any CPU
		{6C0049C1-2EA3-47FB-A223-A92B4CE9A4E9}.Release|x86.Build.0 = Release|Any CPU
		{6C0049C1-2EA3-47FB-A223-A92B4CE9A4E9}.TestsWithFake|Any CPU.ActiveCfg = Release|Any CPU
		{6C0049C1-2EA3-47FB-A223-A92B4CE9A4E9}.TestsWithFake|Any CPU.Build.0 = Release|Any CPU
		{6C0049C1-2EA3-47FB-A223-A92B4CE9A4E9}.TestsWithFake|ARM.ActiveCfg = Release|Any CPU
		{6C0049C1-2EA3-47FB-A223-A92B4CE9A4E9}.TestsWithFake|ARM.Build.0 = Release|Any CPU
		{6C0049C1-2EA3-47FB-A223-A92B4CE9A4E9}.TestsWithFake|x64.ActiveCfg = Release|Any CPU
		{6C0049C1-2EA3-47FB-A223-A92B4CE9A4E9}.TestsWithFake|x64.Build.0 = Release|Any CPU
		{6C0049C1-2EA3-47FB-A223-A92B4CE9A4E9}.TestsWithFake|x86.ActiveCfg = Release|Any CPU
		{6C0049C1-2EA3-47FB-A223-A92B4CE9A4E9}.TestsWithFake|x86.Build.0 = Release|Any CPU
		{6C0049C1-2EA3-47FB-A223-A92B4CE9A4E9}.TestsWithReal|Any CPU.ActiveCfg = Release|Any CPU
		{6C0049C1-2EA3-47FB-A223-A92B4CE9A4E9}.TestsWithReal|Any CPU.Build.0 = Release|Any CPU
		{6C0049C1-2EA3-47FB-A223-A92B4CE9A4E9}.TestsWithReal|ARM.ActiveCfg = Release|Any CPU
		{6C0049C1-2EA3-47FB-A223-A92B4CE9A4E9}.TestsWithReal|ARM.Build.0 = Release|Any CPU
		{6C0049C1-2EA3-47FB-A223-A92B4CE9A4E9}.TestsWithReal|x64.ActiveCfg = Release|Any CPU
		{6C0049C1-2EA3-47FB-A223-A92B4CE9A4E9}.TestsWithReal|x64.Build.0 = Release|Any CPU
		{6C0049C1-2EA3-47FB-A223-A92B4CE9A4E9}.TestsWithReal|x86.ActiveCfg = Release|Any CPU
		{6C0049C1-2EA3-47FB-A223-A92B4CE9A4E9}.TestsWithReal|x86.Build.0 = Release|Any CPU
		{457F2D20-5977-4C06-8101-F1B3BE831A32}.Debug|Any CPU.ActiveCfg = Debug|Any CPU
		{457F2D20-5977-4C06-8101-F1B3BE831A32}.Debug|Any CPU.Build.0 = Debug|Any CPU
		{457F2D20-5977-4C06-8101-F1B3BE831A32}.Debug|ARM.ActiveCfg = Debug|Any CPU
		{457F2D20-5977-4C06-8101-F1B3BE831A32}.Debug|ARM.Build.0 = Debug|Any CPU
		{457F2D20-5977-4C06-8101-F1B3BE831A32}.Debug|x64.ActiveCfg = Debug|Any CPU
		{457F2D20-5977-4C06-8101-F1B3BE831A32}.Debug|x64.Build.0 = Debug|Any CPU
		{457F2D20-5977-4C06-8101-F1B3BE831A32}.Debug|x86.ActiveCfg = Debug|Any CPU
		{457F2D20-5977-4C06-8101-F1B3BE831A32}.Debug|x86.Build.0 = Debug|Any CPU
		{457F2D20-5977-4C06-8101-F1B3BE831A32}.DebugWithFake|Any CPU.ActiveCfg = Debug|Any CPU
		{457F2D20-5977-4C06-8101-F1B3BE831A32}.DebugWithFake|Any CPU.Build.0 = Debug|Any CPU
		{457F2D20-5977-4C06-8101-F1B3BE831A32}.DebugWithFake|ARM.ActiveCfg = Debug|Any CPU
		{457F2D20-5977-4C06-8101-F1B3BE831A32}.DebugWithFake|ARM.Build.0 = Debug|Any CPU
		{457F2D20-5977-4C06-8101-F1B3BE831A32}.DebugWithFake|x64.ActiveCfg = Debug|Any CPU
		{457F2D20-5977-4C06-8101-F1B3BE831A32}.DebugWithFake|x64.Build.0 = Debug|Any CPU
		{457F2D20-5977-4C06-8101-F1B3BE831A32}.DebugWithFake|x86.ActiveCfg = Debug|Any CPU
		{457F2D20-5977-4C06-8101-F1B3BE831A32}.DebugWithFake|x86.Build.0 = Debug|Any CPU
		{457F2D20-5977-4C06-8101-F1B3BE831A32}.DebugWithReal|Any CPU.ActiveCfg = Debug|Any CPU
		{457F2D20-5977-4C06-8101-F1B3BE831A32}.DebugWithReal|Any CPU.Build.0 = Debug|Any CPU
		{457F2D20-5977-4C06-8101-F1B3BE831A32}.DebugWithReal|ARM.ActiveCfg = Debug|Any CPU
		{457F2D20-5977-4C06-8101-F1B3BE831A32}.DebugWithReal|ARM.Build.0 = Debug|Any CPU
		{457F2D20-5977-4C06-8101-F1B3BE831A32}.DebugWithReal|x64.ActiveCfg = Debug|Any CPU
		{457F2D20-5977-4C06-8101-F1B3BE831A32}.DebugWithReal|x64.Build.0 = Debug|Any CPU
		{457F2D20-5977-4C06-8101-F1B3BE831A32}.DebugWithReal|x86.ActiveCfg = Debug|Any CPU
		{457F2D20-5977-4C06-8101-F1B3BE831A32}.DebugWithReal|x86.Build.0 = Debug|Any CPU
		{457F2D20-5977-4C06-8101-F1B3BE831A32}.Release|Any CPU.ActiveCfg = Release|Any CPU
		{457F2D20-5977-4C06-8101-F1B3BE831A32}.Release|Any CPU.Build.0 = Release|Any CPU
		{457F2D20-5977-4C06-8101-F1B3BE831A32}.Release|ARM.ActiveCfg = Release|Any CPU
		{457F2D20-5977-4C06-8101-F1B3BE831A32}.Release|ARM.Build.0 = Release|Any CPU
		{457F2D20-5977-4C06-8101-F1B3BE831A32}.Release|x64.ActiveCfg = Release|Any CPU
		{457F2D20-5977-4C06-8101-F1B3BE831A32}.Release|x64.Build.0 = Release|Any CPU
		{457F2D20-5977-4C06-8101-F1B3BE831A32}.Release|x86.ActiveCfg = Release|Any CPU
		{457F2D20-5977-4C06-8101-F1B3BE831A32}.Release|x86.Build.0 = Release|Any CPU
		{457F2D20-5977-4C06-8101-F1B3BE831A32}.TestsWithFake|Any CPU.ActiveCfg = Release|Any CPU
		{457F2D20-5977-4C06-8101-F1B3BE831A32}.TestsWithFake|Any CPU.Build.0 = Release|Any CPU
		{457F2D20-5977-4C06-8101-F1B3BE831A32}.TestsWithFake|ARM.ActiveCfg = Release|Any CPU
		{457F2D20-5977-4C06-8101-F1B3BE831A32}.TestsWithFake|ARM.Build.0 = Release|Any CPU
		{457F2D20-5977-4C06-8101-F1B3BE831A32}.TestsWithFake|x64.ActiveCfg = Release|Any CPU
		{457F2D20-5977-4C06-8101-F1B3BE831A32}.TestsWithFake|x64.Build.0 = Release|Any CPU
		{457F2D20-5977-4C06-8101-F1B3BE831A32}.TestsWithFake|x86.ActiveCfg = Release|Any CPU
		{457F2D20-5977-4C06-8101-F1B3BE831A32}.TestsWithFake|x86.Build.0 = Release|Any CPU
		{457F2D20-5977-4C06-8101-F1B3BE831A32}.TestsWithReal|Any CPU.ActiveCfg = Release|Any CPU
		{457F2D20-5977-4C06-8101-F1B3BE831A32}.TestsWithReal|Any CPU.Build.0 = Release|Any CPU
		{457F2D20-5977-4C06-8101-F1B3BE831A32}.TestsWithReal|ARM.ActiveCfg = Release|Any CPU
		{457F2D20-5977-4C06-8101-F1B3BE831A32}.TestsWithReal|ARM.Build.0 = Release|Any CPU
		{457F2D20-5977-4C06-8101-F1B3BE831A32}.TestsWithReal|x64.ActiveCfg = Release|Any CPU
		{457F2D20-5977-4C06-8101-F1B3BE831A32}.TestsWithReal|x64.Build.0 = Release|Any CPU
		{457F2D20-5977-4C06-8101-F1B3BE831A32}.TestsWithReal|x86.ActiveCfg = Release|Any CPU
		{457F2D20-5977-4C06-8101-F1B3BE831A32}.TestsWithReal|x86.Build.0 = Release|Any CPU
		{AB7749F5-FA32-4FCF-A045-37A2851AF53C}.Debug|Any CPU.ActiveCfg = Debug|Any CPU
		{AB7749F5-FA32-4FCF-A045-37A2851AF53C}.Debug|Any CPU.Build.0 = Debug|Any CPU
		{AB7749F5-FA32-4FCF-A045-37A2851AF53C}.Debug|ARM.ActiveCfg = Debug|Any CPU
		{AB7749F5-FA32-4FCF-A045-37A2851AF53C}.Debug|ARM.Build.0 = Debug|Any CPU
		{AB7749F5-FA32-4FCF-A045-37A2851AF53C}.Debug|x64.ActiveCfg = Debug|Any CPU
		{AB7749F5-FA32-4FCF-A045-37A2851AF53C}.Debug|x64.Build.0 = Debug|Any CPU
		{AB7749F5-FA32-4FCF-A045-37A2851AF53C}.Debug|x86.ActiveCfg = Debug|Any CPU
		{AB7749F5-FA32-4FCF-A045-37A2851AF53C}.Debug|x86.Build.0 = Debug|Any CPU
		{AB7749F5-FA32-4FCF-A045-37A2851AF53C}.DebugWithFake|Any CPU.ActiveCfg = Debug|Any CPU
		{AB7749F5-FA32-4FCF-A045-37A2851AF53C}.DebugWithFake|Any CPU.Build.0 = Debug|Any CPU
		{AB7749F5-FA32-4FCF-A045-37A2851AF53C}.DebugWithFake|ARM.ActiveCfg = Debug|Any CPU
		{AB7749F5-FA32-4FCF-A045-37A2851AF53C}.DebugWithFake|ARM.Build.0 = Debug|Any CPU
		{AB7749F5-FA32-4FCF-A045-37A2851AF53C}.DebugWithFake|x64.ActiveCfg = Debug|Any CPU
		{AB7749F5-FA32-4FCF-A045-37A2851AF53C}.DebugWithFake|x64.Build.0 = Debug|Any CPU
		{AB7749F5-FA32-4FCF-A045-37A2851AF53C}.DebugWithFake|x86.ActiveCfg = Debug|Any CPU
		{AB7749F5-FA32-4FCF-A045-37A2851AF53C}.DebugWithFake|x86.Build.0 = Debug|Any CPU
		{AB7749F5-FA32-4FCF-A045-37A2851AF53C}.DebugWithReal|Any CPU.ActiveCfg = Debug|Any CPU
		{AB7749F5-FA32-4FCF-A045-37A2851AF53C}.DebugWithReal|Any CPU.Build.0 = Debug|Any CPU
		{AB7749F5-FA32-4FCF-A045-37A2851AF53C}.DebugWithReal|ARM.ActiveCfg = Debug|Any CPU
		{AB7749F5-FA32-4FCF-A045-37A2851AF53C}.DebugWithReal|ARM.Build.0 = Debug|Any CPU
		{AB7749F5-FA32-4FCF-A045-37A2851AF53C}.DebugWithReal|x64.ActiveCfg = Debug|Any CPU
		{AB7749F5-FA32-4FCF-A045-37A2851AF53C}.DebugWithReal|x64.Build.0 = Debug|Any CPU
		{AB7749F5-FA32-4FCF-A045-37A2851AF53C}.DebugWithReal|x86.ActiveCfg = Debug|Any CPU
		{AB7749F5-FA32-4FCF-A045-37A2851AF53C}.DebugWithReal|x86.Build.0 = Debug|Any CPU
		{AB7749F5-FA32-4FCF-A045-37A2851AF53C}.Release|Any CPU.ActiveCfg = Release|Any CPU
		{AB7749F5-FA32-4FCF-A045-37A2851AF53C}.Release|Any CPU.Build.0 = Release|Any CPU
		{AB7749F5-FA32-4FCF-A045-37A2851AF53C}.Release|ARM.ActiveCfg = Release|Any CPU
		{AB7749F5-FA32-4FCF-A045-37A2851AF53C}.Release|ARM.Build.0 = Release|Any CPU
		{AB7749F5-FA32-4FCF-A045-37A2851AF53C}.Release|x64.ActiveCfg = Release|Any CPU
		{AB7749F5-FA32-4FCF-A045-37A2851AF53C}.Release|x64.Build.0 = Release|Any CPU
		{AB7749F5-FA32-4FCF-A045-37A2851AF53C}.Release|x86.ActiveCfg = Release|Any CPU
		{AB7749F5-FA32-4FCF-A045-37A2851AF53C}.Release|x86.Build.0 = Release|Any CPU
		{AB7749F5-FA32-4FCF-A045-37A2851AF53C}.TestsWithFake|Any CPU.ActiveCfg = Release|Any CPU
		{AB7749F5-FA32-4FCF-A045-37A2851AF53C}.TestsWithFake|Any CPU.Build.0 = Release|Any CPU
		{AB7749F5-FA32-4FCF-A045-37A2851AF53C}.TestsWithFake|ARM.ActiveCfg = Release|Any CPU
		{AB7749F5-FA32-4FCF-A045-37A2851AF53C}.TestsWithFake|ARM.Build.0 = Release|Any CPU
		{AB7749F5-FA32-4FCF-A045-37A2851AF53C}.TestsWithFake|x64.ActiveCfg = Release|Any CPU
		{AB7749F5-FA32-4FCF-A045-37A2851AF53C}.TestsWithFake|x64.Build.0 = Release|Any CPU
		{AB7749F5-FA32-4FCF-A045-37A2851AF53C}.TestsWithFake|x86.ActiveCfg = Release|Any CPU
		{AB7749F5-FA32-4FCF-A045-37A2851AF53C}.TestsWithFake|x86.Build.0 = Release|Any CPU
		{AB7749F5-FA32-4FCF-A045-37A2851AF53C}.TestsWithReal|Any CPU.ActiveCfg = Release|Any CPU
		{AB7749F5-FA32-4FCF-A045-37A2851AF53C}.TestsWithReal|Any CPU.Build.0 = Release|Any CPU
		{AB7749F5-FA32-4FCF-A045-37A2851AF53C}.TestsWithReal|ARM.ActiveCfg = Release|Any CPU
		{AB7749F5-FA32-4FCF-A045-37A2851AF53C}.TestsWithReal|ARM.Build.0 = Release|Any CPU
		{AB7749F5-FA32-4FCF-A045-37A2851AF53C}.TestsWithReal|x64.ActiveCfg = Release|Any CPU
		{AB7749F5-FA32-4FCF-A045-37A2851AF53C}.TestsWithReal|x64.Build.0 = Release|Any CPU
		{AB7749F5-FA32-4FCF-A045-37A2851AF53C}.TestsWithReal|x86.ActiveCfg = Release|Any CPU
		{AB7749F5-FA32-4FCF-A045-37A2851AF53C}.TestsWithReal|x86.Build.0 = Release|Any CPU
	EndGlobalSection
	GlobalSection(SolutionProperties) = preSolution
		HideSolutionNode = FALSE
	EndGlobalSection
	GlobalSection(NestedProjects) = preSolution
		{FFB623FC-A887-47DD-B5EC-02891554A879} = {3B0CEF1C-B6E2-41F8-A756-40482E4C9363}
		{1B063B72-6122-428B-8BE1-33AF36E50D73} = {8EBED338-A787-47EF-AD84-F94632AAEFBB}
		{F20F3474-9F72-4A8D-80D9-A61536E13CC1} = {8EBED338-A787-47EF-AD84-F94632AAEFBB}
		{8A567338-89FB-49AA-80FE-B47AE861D6A7} = {1B063B72-6122-428B-8BE1-33AF36E50D73}
		{D2432BC9-C269-47CA-85AC-7B1F79BDD2B7} = {1B063B72-6122-428B-8BE1-33AF36E50D73}
		{536D34E4-A409-4567-B7C6-58F50206740E} = {FF80CE9B-F7F2-4006-939A-6E2F12D994A9}
		{49724A56-9FA9-44C4-B731-1E414EE598BC} = {FF80CE9B-F7F2-4006-939A-6E2F12D994A9}
		{33766857-5FCE-4C2C-B167-E76A9F521FF0} = {FF80CE9B-F7F2-4006-939A-6E2F12D994A9}
		{AD12275A-AEB6-4DE1-8B9F-49AE7A161873} = {F20F3474-9F72-4A8D-80D9-A61536E13CC1}
		{6C0049C1-2EA3-47FB-A223-A92B4CE9A4E9} = {F20F3474-9F72-4A8D-80D9-A61536E13CC1}
		{457F2D20-5977-4C06-8101-F1B3BE831A32} = {F20F3474-9F72-4A8D-80D9-A61536E13CC1}
		{125BA70E-1584-4FB4-B6CD-2418B6786CA3} = {8EBED338-A787-47EF-AD84-F94632AAEFBB}
		{AB7749F5-FA32-4FCF-A045-37A2851AF53C} = {125BA70E-1584-4FB4-B6CD-2418B6786CA3}
	EndGlobalSection
EndGlobal
