
Microsoft Visual Studio Solution File, Format Version 12.00
# Visual Studio 14
VisualStudioVersion = 14.0.25123.0
MinimumVisualStudioVersion = 10.0.40219.1
Project("{FAE04EC0-301F-11D3-BF4B-00C04F79EFBC}") = "Samples.Universal.Client.Presentation.Shell", "Samples.Universal.Client.Presentation.Shell\Samples.Universal.Client.Presentation.Shell.csproj", "{FFB623FC-A887-47DD-B5EC-02891554A879}"
EndProject
Project("{2150E333-8FDC-42A3-9474-1A3956D46DE8}") = "Data", "Data", "{8EBED338-A787-47EF-AD84-F94632AAEFBB}"
EndProject
Project("{2150E333-8FDC-42A3-9474-1A3956D46DE8}") = "Contracts", "Contracts", "{1B063B72-6122-428B-8BE1-33AF36E50D73}"
EndProject
Project("{2150E333-8FDC-42A3-9474-1A3956D46DE8}") = "Model", "Model", "{FF80CE9B-F7F2-4006-939A-6E2F12D994A9}"
EndProject
Project("{2150E333-8FDC-42A3-9474-1A3956D46DE8}") = "Presentation", "Presentation", "{3B0CEF1C-B6E2-41F8-A756-40482E4C9363}"
EndProject
Project("{2150E333-8FDC-42A3-9474-1A3956D46DE8}") = "Fake", "Fake", "{F20F3474-9F72-4A8D-80D9-A61536E13CC1}"
EndProject
Project("{FAE04EC0-301F-11D3-BF4B-00C04F79EFBC}") = "Samples.Client.Data.Contracts.Dto", "Samples.Client.Data.Contracts.Dto\Samples.Client.Data.Contracts.Dto.csproj", "{8A567338-89FB-49AA-80FE-B47AE861D6A7}"
EndProject
Project("{FAE04EC0-301F-11D3-BF4B-00C04F79EFBC}") = "Samples.Client.Data.Contracts.Providers", "Samples.Client.Data.Contracts.Providers\Samples.Client.Data.Contracts.Providers.csproj", "{D2432BC9-C269-47CA-85AC-7B1F79BDD2B7}"
EndProject
Project("{FAE04EC0-301F-11D3-BF4B-00C04F79EFBC}") = "Samples.Client.Model.Contracts", "Samples.Client.Model.Contracts\Samples.Client.Model.Contracts.csproj", "{536D34E4-A409-4567-B7C6-58F50206740E}"
EndProject
Project("{FAE04EC0-301F-11D3-BF4B-00C04F79EFBC}") = "Samples.Client.Model.Shared", "Samples.Client.Model.Shared\Samples.Client.Model.Shared.csproj", "{49724A56-9FA9-44C4-B731-1E414EE598BC}"
EndProject
Project("{FAE04EC0-301F-11D3-BF4B-00C04F79EFBC}") = "Samples.Client.Model", "Samples.Client.Model\Samples.Client.Model.csproj", "{33766857-5FCE-4C2C-B167-E76A9F521FF0}"
EndProject
Project("{FAE04EC0-301F-11D3-BF4B-00C04F79EFBC}") = "Samples.Client.Data.Fake.Containers", "Samples.Client.Data.Fake.Containers\Samples.Client.Data.Fake.Containers.csproj", "{1CBD252C-38C7-4600-8111-016C4E67A18D}"
EndProject
Project("{FAE04EC0-301F-11D3-BF4B-00C04F79EFBC}") = "Samples.Client.Data.Fake.ProviderBuilders", "Samples.Client.Data.Fake.ProviderBuilders\Samples.Client.Data.Fake.ProviderBuilders.csproj", "{9832AB2D-B0A3-46F7-A4CF-AAC590F3F249}"
EndProject
Project("{FAE04EC0-301F-11D3-BF4B-00C04F79EFBC}") = "Samples.Client.Data.Fake.Providers", "Samples.Client.Data.Fake.Providers\Samples.Client.Data.Fake.Providers.csproj", "{107C7C68-C61A-46FA-8554-0D6D360188F7}"
EndProject
Global
	GlobalSection(SolutionConfigurationPlatforms) = preSolution
		Debug|Any CPU = Debug|Any CPU
		Debug|ARM = Debug|ARM
		Debug|x64 = Debug|x64
		Debug|x86 = Debug|x86
		DebugWithFake|Any CPU = DebugWithFake|Any CPU
		DebugWithFake|ARM = DebugWithFake|ARM
		DebugWithFake|x64 = DebugWithFake|x64
		DebugWithFake|x86 = DebugWithFake|x86
		DebugWithReal|Any CPU = DebugWithReal|Any CPU
		DebugWithReal|ARM = DebugWithReal|ARM
		DebugWithReal|x64 = DebugWithReal|x64
		DebugWithReal|x86 = DebugWithReal|x86
		Release|Any CPU = Release|Any CPU
		Release|ARM = Release|ARM
		Release|x64 = Release|x64
		Release|x86 = Release|x86
		TestsWithFake|Any CPU = TestsWithFake|Any CPU
		TestsWithFake|ARM = TestsWithFake|ARM
		TestsWithFake|x64 = TestsWithFake|x64
		TestsWithFake|x86 = TestsWithFake|x86
		TestsWithReal|Any CPU = TestsWithReal|Any CPU
		TestsWithReal|ARM = TestsWithReal|ARM
		TestsWithReal|x64 = TestsWithReal|x64
		TestsWithReal|x86 = TestsWithReal|x86
	EndGlobalSection
	GlobalSection(ProjectConfigurationPlatforms) = postSolution
		{FFB623FC-A887-47DD-B5EC-02891554A879}.Debug|Any CPU.ActiveCfg = Debug|x86
		{FFB623FC-A887-47DD-B5EC-02891554A879}.Debug|ARM.ActiveCfg = Debug|ARM
		{FFB623FC-A887-47DD-B5EC-02891554A879}.Debug|ARM.Build.0 = Debug|ARM
		{FFB623FC-A887-47DD-B5EC-02891554A879}.Debug|ARM.Deploy.0 = Debug|ARM
		{FFB623FC-A887-47DD-B5EC-02891554A879}.Debug|x64.ActiveCfg = Debug|x64
		{FFB623FC-A887-47DD-B5EC-02891554A879}.Debug|x64.Build.0 = Debug|x64
		{FFB623FC-A887-47DD-B5EC-02891554A879}.Debug|x64.Deploy.0 = Debug|x64
		{FFB623FC-A887-47DD-B5EC-02891554A879}.Debug|x86.ActiveCfg = Debug|x86
		{FFB623FC-A887-47DD-B5EC-02891554A879}.Debug|x86.Build.0 = Debug|x86
		{FFB623FC-A887-47DD-B5EC-02891554A879}.Debug|x86.Deploy.0 = Debug|x86
		{FFB623FC-A887-47DD-B5EC-02891554A879}.DebugWithFake|Any CPU.ActiveCfg = Release|x64
		{FFB623FC-A887-47DD-B5EC-02891554A879}.DebugWithFake|Any CPU.Build.0 = Release|x64
		{FFB623FC-A887-47DD-B5EC-02891554A879}.DebugWithFake|Any CPU.Deploy.0 = Release|x64
		{FFB623FC-A887-47DD-B5EC-02891554A879}.DebugWithFake|ARM.ActiveCfg = Debug|ARM
		{FFB623FC-A887-47DD-B5EC-02891554A879}.DebugWithFake|ARM.Build.0 = Debug|ARM
		{FFB623FC-A887-47DD-B5EC-02891554A879}.DebugWithFake|ARM.Deploy.0 = Debug|ARM
		{FFB623FC-A887-47DD-B5EC-02891554A879}.DebugWithFake|x64.ActiveCfg = Debug|x64
		{FFB623FC-A887-47DD-B5EC-02891554A879}.DebugWithFake|x64.Build.0 = Debug|x64
		{FFB623FC-A887-47DD-B5EC-02891554A879}.DebugWithFake|x64.Deploy.0 = Debug|x64
		{FFB623FC-A887-47DD-B5EC-02891554A879}.DebugWithFake|x86.ActiveCfg = Debug|x86
		{FFB623FC-A887-47DD-B5EC-02891554A879}.DebugWithFake|x86.Build.0 = Debug|x86
		{FFB623FC-A887-47DD-B5EC-02891554A879}.DebugWithFake|x86.Deploy.0 = Debug|x86
		{FFB623FC-A887-47DD-B5EC-02891554A879}.DebugWithReal|Any CPU.ActiveCfg = Release|x64
		{FFB623FC-A887-47DD-B5EC-02891554A879}.DebugWithReal|Any CPU.Build.0 = Release|x64
		{FFB623FC-A887-47DD-B5EC-02891554A879}.DebugWithReal|Any CPU.Deploy.0 = Release|x64
		{FFB623FC-A887-47DD-B5EC-02891554A879}.DebugWithReal|ARM.ActiveCfg = Debug|ARM
		{FFB623FC-A887-47DD-B5EC-02891554A879}.DebugWithReal|ARM.Build.0 = Debug|ARM
		{FFB623FC-A887-47DD-B5EC-02891554A879}.DebugWithReal|ARM.Deploy.0 = Debug|ARM
		{FFB623FC-A887-47DD-B5EC-02891554A879}.DebugWithReal|x64.ActiveCfg = Debug|x64
		{FFB623FC-A887-47DD-B5EC-02891554A879}.DebugWithReal|x64.Build.0 = Debug|x64
		{FFB623FC-A887-47DD-B5EC-02891554A879}.DebugWithReal|x64.Deploy.0 = Debug|x64
		{FFB623FC-A887-47DD-B5EC-02891554A879}.DebugWithReal|x86.ActiveCfg = Debug|x86
		{FFB623FC-A887-47DD-B5EC-02891554A879}.DebugWithReal|x86.Build.0 = Debug|x86
		{FFB623FC-A887-47DD-B5EC-02891554A879}.DebugWithReal|x86.Deploy.0 = Debug|x86
		{FFB623FC-A887-47DD-B5EC-02891554A879}.Release|Any CPU.ActiveCfg = Release|x86
		{FFB623FC-A887-47DD-B5EC-02891554A879}.Release|ARM.ActiveCfg = Release|ARM
		{FFB623FC-A887-47DD-B5EC-02891554A879}.Release|ARM.Build.0 = Release|ARM
		{FFB623FC-A887-47DD-B5EC-02891554A879}.Release|ARM.Deploy.0 = Release|ARM
		{FFB623FC-A887-47DD-B5EC-02891554A879}.Release|x64.ActiveCfg = Release|x64
		{FFB623FC-A887-47DD-B5EC-02891554A879}.Release|x64.Build.0 = Release|x64
		{FFB623FC-A887-47DD-B5EC-02891554A879}.Release|x64.Deploy.0 = Release|x64
		{FFB623FC-A887-47DD-B5EC-02891554A879}.Release|x86.ActiveCfg = Release|x86
		{FFB623FC-A887-47DD-B5EC-02891554A879}.Release|x86.Build.0 = Release|x86
		{FFB623FC-A887-47DD-B5EC-02891554A879}.Release|x86.Deploy.0 = Release|x86
		{FFB623FC-A887-47DD-B5EC-02891554A879}.TestsWithFake|Any CPU.ActiveCfg = Release|x64
		{FFB623FC-A887-47DD-B5EC-02891554A879}.TestsWithFake|Any CPU.Build.0 = Release|x64
		{FFB623FC-A887-47DD-B5EC-02891554A879}.TestsWithFake|Any CPU.Deploy.0 = Release|x64
		{FFB623FC-A887-47DD-B5EC-02891554A879}.TestsWithFake|ARM.ActiveCfg = Release|ARM
		{FFB623FC-A887-47DD-B5EC-02891554A879}.TestsWithFake|ARM.Build.0 = Release|ARM
		{FFB623FC-A887-47DD-B5EC-02891554A879}.TestsWithFake|ARM.Deploy.0 = Release|ARM
		{FFB623FC-A887-47DD-B5EC-02891554A879}.TestsWithFake|x64.ActiveCfg = Release|x64
		{FFB623FC-A887-47DD-B5EC-02891554A879}.TestsWithFake|x64.Build.0 = Release|x64
		{FFB623FC-A887-47DD-B5EC-02891554A879}.TestsWithFake|x64.Deploy.0 = Release|x64
		{FFB623FC-A887-47DD-B5EC-02891554A879}.TestsWithFake|x86.ActiveCfg = Release|x86
		{FFB623FC-A887-47DD-B5EC-02891554A879}.TestsWithFake|x86.Build.0 = Release|x86
		{FFB623FC-A887-47DD-B5EC-02891554A879}.TestsWithFake|x86.Deploy.0 = Release|x86
		{FFB623FC-A887-47DD-B5EC-02891554A879}.TestsWithReal|Any CPU.ActiveCfg = Release|x64
		{FFB623FC-A887-47DD-B5EC-02891554A879}.TestsWithReal|Any CPU.Build.0 = Release|x64
		{FFB623FC-A887-47DD-B5EC-02891554A879}.TestsWithReal|Any CPU.Deploy.0 = Release|x64
		{FFB623FC-A887-47DD-B5EC-02891554A879}.TestsWithReal|ARM.ActiveCfg = Release|ARM
		{FFB623FC-A887-47DD-B5EC-02891554A879}.TestsWithReal|ARM.Build.0 = Release|ARM
		{FFB623FC-A887-47DD-B5EC-02891554A879}.TestsWithReal|ARM.Deploy.0 = Release|ARM
		{FFB623FC-A887-47DD-B5EC-02891554A879}.TestsWithReal|x64.ActiveCfg = Release|x64
		{FFB623FC-A887-47DD-B5EC-02891554A879}.TestsWithReal|x64.Build.0 = Release|x64
		{FFB623FC-A887-47DD-B5EC-02891554A879}.TestsWithReal|x64.Deploy.0 = Release|x64
		{FFB623FC-A887-47DD-B5EC-02891554A879}.TestsWithReal|x86.ActiveCfg = Release|x86
		{FFB623FC-A887-47DD-B5EC-02891554A879}.TestsWithReal|x86.Build.0 = Release|x86
		{FFB623FC-A887-47DD-B5EC-02891554A879}.TestsWithReal|x86.Deploy.0 = Release|x86
		{8A567338-89FB-49AA-80FE-B47AE861D6A7}.Debug|Any CPU.ActiveCfg = Debug|Any CPU
		{8A567338-89FB-49AA-80FE-B47AE861D6A7}.Debug|Any CPU.Build.0 = Debug|Any CPU
		{8A567338-89FB-49AA-80FE-B47AE861D6A7}.Debug|ARM.ActiveCfg = Debug|Any CPU
		{8A567338-89FB-49AA-80FE-B47AE861D6A7}.Debug|ARM.Build.0 = Debug|Any CPU
		{8A567338-89FB-49AA-80FE-B47AE861D6A7}.Debug|x64.ActiveCfg = Debug|Any CPU
		{8A567338-89FB-49AA-80FE-B47AE861D6A7}.Debug|x64.Build.0 = Debug|Any CPU
		{8A567338-89FB-49AA-80FE-B47AE861D6A7}.Debug|x86.ActiveCfg = Debug|Any CPU
		{8A567338-89FB-49AA-80FE-B47AE861D6A7}.Debug|x86.Build.0 = Debug|Any CPU
		{8A567338-89FB-49AA-80FE-B47AE861D6A7}.DebugWithFake|Any CPU.ActiveCfg = Debug|Any CPU
		{8A567338-89FB-49AA-80FE-B47AE861D6A7}.DebugWithFake|Any CPU.Build.0 = Debug|Any CPU
		{8A567338-89FB-49AA-80FE-B47AE861D6A7}.DebugWithFake|ARM.ActiveCfg = Debug|Any CPU
		{8A567338-89FB-49AA-80FE-B47AE861D6A7}.DebugWithFake|ARM.Build.0 = Debug|Any CPU
		{8A567338-89FB-49AA-80FE-B47AE861D6A7}.DebugWithFake|x64.ActiveCfg = Debug|Any CPU
		{8A567338-89FB-49AA-80FE-B47AE861D6A7}.DebugWithFake|x64.Build.0 = Debug|Any CPU
		{8A567338-89FB-49AA-80FE-B47AE861D6A7}.DebugWithFake|x86.ActiveCfg = Debug|Any CPU
		{8A567338-89FB-49AA-80FE-B47AE861D6A7}.DebugWithFake|x86.Build.0 = Debug|Any CPU
		{8A567338-89FB-49AA-80FE-B47AE861D6A7}.DebugWithReal|Any CPU.ActiveCfg = Debug|Any CPU
		{8A567338-89FB-49AA-80FE-B47AE861D6A7}.DebugWithReal|Any CPU.Build.0 = Debug|Any CPU
		{8A567338-89FB-49AA-80FE-B47AE861D6A7}.DebugWithReal|ARM.ActiveCfg = Debug|Any CPU
		{8A567338-89FB-49AA-80FE-B47AE861D6A7}.DebugWithReal|ARM.Build.0 = Debug|Any CPU
		{8A567338-89FB-49AA-80FE-B47AE861D6A7}.DebugWithReal|x64.ActiveCfg = Debug|Any CPU
		{8A567338-89FB-49AA-80FE-B47AE861D6A7}.DebugWithReal|x64.Build.0 = Debug|Any CPU
		{8A567338-89FB-49AA-80FE-B47AE861D6A7}.DebugWithReal|x86.ActiveCfg = Debug|Any CPU
		{8A567338-89FB-49AA-80FE-B47AE861D6A7}.DebugWithReal|x86.Build.0 = Debug|Any CPU
		{8A567338-89FB-49AA-80FE-B47AE861D6A7}.Release|Any CPU.ActiveCfg = Release|Any CPU
		{8A567338-89FB-49AA-80FE-B47AE861D6A7}.Release|Any CPU.Build.0 = Release|Any CPU
		{8A567338-89FB-49AA-80FE-B47AE861D6A7}.Release|ARM.ActiveCfg = Release|Any CPU
		{8A567338-89FB-49AA-80FE-B47AE861D6A7}.Release|ARM.Build.0 = Release|Any CPU
		{8A567338-89FB-49AA-80FE-B47AE861D6A7}.Release|x64.ActiveCfg = Release|Any CPU
		{8A567338-89FB-49AA-80FE-B47AE861D6A7}.Release|x64.Build.0 = Release|Any CPU
		{8A567338-89FB-49AA-80FE-B47AE861D6A7}.Release|x86.ActiveCfg = Release|Any CPU
		{8A567338-89FB-49AA-80FE-B47AE861D6A7}.Release|x86.Build.0 = Release|Any CPU
		{8A567338-89FB-49AA-80FE-B47AE861D6A7}.TestsWithFake|Any CPU.ActiveCfg = Release|Any CPU
		{8A567338-89FB-49AA-80FE-B47AE861D6A7}.TestsWithFake|Any CPU.Build.0 = Release|Any CPU
		{8A567338-89FB-49AA-80FE-B47AE861D6A7}.TestsWithFake|ARM.ActiveCfg = Release|Any CPU
		{8A567338-89FB-49AA-80FE-B47AE861D6A7}.TestsWithFake|ARM.Build.0 = Release|Any CPU
		{8A567338-89FB-49AA-80FE-B47AE861D6A7}.TestsWithFake|x64.ActiveCfg = Release|Any CPU
		{8A567338-89FB-49AA-80FE-B47AE861D6A7}.TestsWithFake|x64.Build.0 = Release|Any CPU
		{8A567338-89FB-49AA-80FE-B47AE861D6A7}.TestsWithFake|x86.ActiveCfg = Release|Any CPU
		{8A567338-89FB-49AA-80FE-B47AE861D6A7}.TestsWithFake|x86.Build.0 = Release|Any CPU
		{8A567338-89FB-49AA-80FE-B47AE861D6A7}.TestsWithReal|Any CPU.ActiveCfg = Release|Any CPU
		{8A567338-89FB-49AA-80FE-B47AE861D6A7}.TestsWithReal|Any CPU.Build.0 = Release|Any CPU
		{8A567338-89FB-49AA-80FE-B47AE861D6A7}.TestsWithReal|ARM.ActiveCfg = Release|Any CPU
		{8A567338-89FB-49AA-80FE-B47AE861D6A7}.TestsWithReal|ARM.Build.0 = Release|Any CPU
		{8A567338-89FB-49AA-80FE-B47AE861D6A7}.TestsWithReal|x64.ActiveCfg = Release|Any CPU
		{8A567338-89FB-49AA-80FE-B47AE861D6A7}.TestsWithReal|x64.Build.0 = Release|Any CPU
		{8A567338-89FB-49AA-80FE-B47AE861D6A7}.TestsWithReal|x86.ActiveCfg = Release|Any CPU
		{8A567338-89FB-49AA-80FE-B47AE861D6A7}.TestsWithReal|x86.Build.0 = Release|Any CPU
		{D2432BC9-C269-47CA-85AC-7B1F79BDD2B7}.Debug|Any CPU.ActiveCfg = Debug|Any CPU
		{D2432BC9-C269-47CA-85AC-7B1F79BDD2B7}.Debug|Any CPU.Build.0 = Debug|Any CPU
		{D2432BC9-C269-47CA-85AC-7B1F79BDD2B7}.Debug|ARM.ActiveCfg = Debug|Any CPU
		{D2432BC9-C269-47CA-85AC-7B1F79BDD2B7}.Debug|ARM.Build.0 = Debug|Any CPU
		{D2432BC9-C269-47CA-85AC-7B1F79BDD2B7}.Debug|x64.ActiveCfg = Debug|Any CPU
		{D2432BC9-C269-47CA-85AC-7B1F79BDD2B7}.Debug|x64.Build.0 = Debug|Any CPU
		{D2432BC9-C269-47CA-85AC-7B1F79BDD2B7}.Debug|x86.ActiveCfg = Debug|Any CPU
		{D2432BC9-C269-47CA-85AC-7B1F79BDD2B7}.Debug|x86.Build.0 = Debug|Any CPU
		{D2432BC9-C269-47CA-85AC-7B1F79BDD2B7}.DebugWithFake|Any CPU.ActiveCfg = Debug|Any CPU
		{D2432BC9-C269-47CA-85AC-7B1F79BDD2B7}.DebugWithFake|Any CPU.Build.0 = Debug|Any CPU
		{D2432BC9-C269-47CA-85AC-7B1F79BDD2B7}.DebugWithFake|ARM.ActiveCfg = Debug|Any CPU
		{D2432BC9-C269-47CA-85AC-7B1F79BDD2B7}.DebugWithFake|ARM.Build.0 = Debug|Any CPU
		{D2432BC9-C269-47CA-85AC-7B1F79BDD2B7}.DebugWithFake|x64.ActiveCfg = Debug|Any CPU
		{D2432BC9-C269-47CA-85AC-7B1F79BDD2B7}.DebugWithFake|x64.Build.0 = Debug|Any CPU
		{D2432BC9-C269-47CA-85AC-7B1F79BDD2B7}.DebugWithFake|x86.ActiveCfg = Debug|Any CPU
		{D2432BC9-C269-47CA-85AC-7B1F79BDD2B7}.DebugWithFake|x86.Build.0 = Debug|Any CPU
		{D2432BC9-C269-47CA-85AC-7B1F79BDD2B7}.DebugWithReal|Any CPU.ActiveCfg = Debug|Any CPU
		{D2432BC9-C269-47CA-85AC-7B1F79BDD2B7}.DebugWithReal|Any CPU.Build.0 = Debug|Any CPU
		{D2432BC9-C269-47CA-85AC-7B1F79BDD2B7}.DebugWithReal|ARM.ActiveCfg = Debug|Any CPU
		{D2432BC9-C269-47CA-85AC-7B1F79BDD2B7}.DebugWithReal|ARM.Build.0 = Debug|Any CPU
		{D2432BC9-C269-47CA-85AC-7B1F79BDD2B7}.DebugWithReal|x64.ActiveCfg = Debug|Any CPU
		{D2432BC9-C269-47CA-85AC-7B1F79BDD2B7}.DebugWithReal|x64.Build.0 = Debug|Any CPU
		{D2432BC9-C269-47CA-85AC-7B1F79BDD2B7}.DebugWithReal|x86.ActiveCfg = Debug|Any CPU
		{D2432BC9-C269-47CA-85AC-7B1F79BDD2B7}.DebugWithReal|x86.Build.0 = Debug|Any CPU
		{D2432BC9-C269-47CA-85AC-7B1F79BDD2B7}.Release|Any CPU.ActiveCfg = Release|Any CPU
		{D2432BC9-C269-47CA-85AC-7B1F79BDD2B7}.Release|Any CPU.Build.0 = Release|Any CPU
		{D2432BC9-C269-47CA-85AC-7B1F79BDD2B7}.Release|ARM.ActiveCfg = Release|Any CPU
		{D2432BC9-C269-47CA-85AC-7B1F79BDD2B7}.Release|ARM.Build.0 = Release|Any CPU
		{D2432BC9-C269-47CA-85AC-7B1F79BDD2B7}.Release|x64.ActiveCfg = Release|Any CPU
		{D2432BC9-C269-47CA-85AC-7B1F79BDD2B7}.Release|x64.Build.0 = Release|Any CPU
		{D2432BC9-C269-47CA-85AC-7B1F79BDD2B7}.Release|x86.ActiveCfg = Release|Any CPU
		{D2432BC9-C269-47CA-85AC-7B1F79BDD2B7}.Release|x86.Build.0 = Release|Any CPU
		{D2432BC9-C269-47CA-85AC-7B1F79BDD2B7}.TestsWithFake|Any CPU.ActiveCfg = Release|Any CPU
		{D2432BC9-C269-47CA-85AC-7B1F79BDD2B7}.TestsWithFake|Any CPU.Build.0 = Release|Any CPU
		{D2432BC9-C269-47CA-85AC-7B1F79BDD2B7}.TestsWithFake|ARM.ActiveCfg = Release|Any CPU
		{D2432BC9-C269-47CA-85AC-7B1F79BDD2B7}.TestsWithFake|ARM.Build.0 = Release|Any CPU
		{D2432BC9-C269-47CA-85AC-7B1F79BDD2B7}.TestsWithFake|x64.ActiveCfg = Release|Any CPU
		{D2432BC9-C269-47CA-85AC-7B1F79BDD2B7}.TestsWithFake|x64.Build.0 = Release|Any CPU
		{D2432BC9-C269-47CA-85AC-7B1F79BDD2B7}.TestsWithFake|x86.ActiveCfg = Release|Any CPU
		{D2432BC9-C269-47CA-85AC-7B1F79BDD2B7}.TestsWithFake|x86.Build.0 = Release|Any CPU
		{D2432BC9-C269-47CA-85AC-7B1F79BDD2B7}.TestsWithReal|Any CPU.ActiveCfg = Release|Any CPU
		{D2432BC9-C269-47CA-85AC-7B1F79BDD2B7}.TestsWithReal|Any CPU.Build.0 = Release|Any CPU
		{D2432BC9-C269-47CA-85AC-7B1F79BDD2B7}.TestsWithReal|ARM.ActiveCfg = Release|Any CPU
		{D2432BC9-C269-47CA-85AC-7B1F79BDD2B7}.TestsWithReal|ARM.Build.0 = Release|Any CPU
		{D2432BC9-C269-47CA-85AC-7B1F79BDD2B7}.TestsWithReal|x64.ActiveCfg = Release|Any CPU
		{D2432BC9-C269-47CA-85AC-7B1F79BDD2B7}.TestsWithReal|x64.Build.0 = Release|Any CPU
		{D2432BC9-C269-47CA-85AC-7B1F79BDD2B7}.TestsWithReal|x86.ActiveCfg = Release|Any CPU
		{D2432BC9-C269-47CA-85AC-7B1F79BDD2B7}.TestsWithReal|x86.Build.0 = Release|Any CPU
		{536D34E4-A409-4567-B7C6-58F50206740E}.Debug|Any CPU.ActiveCfg = Debug|Any CPU
		{536D34E4-A409-4567-B7C6-58F50206740E}.Debug|Any CPU.Build.0 = Debug|Any CPU
		{536D34E4-A409-4567-B7C6-58F50206740E}.Debug|ARM.ActiveCfg = Debug|Any CPU
		{536D34E4-A409-4567-B7C6-58F50206740E}.Debug|ARM.Build.0 = Debug|Any CPU
		{536D34E4-A409-4567-B7C6-58F50206740E}.Debug|x64.ActiveCfg = Debug|Any CPU
		{536D34E4-A409-4567-B7C6-58F50206740E}.Debug|x64.Build.0 = Debug|Any CPU
		{536D34E4-A409-4567-B7C6-58F50206740E}.Debug|x86.ActiveCfg = Debug|Any CPU
		{536D34E4-A409-4567-B7C6-58F50206740E}.Debug|x86.Build.0 = Debug|Any CPU
		{536D34E4-A409-4567-B7C6-58F50206740E}.DebugWithFake|Any CPU.ActiveCfg = Debug|Any CPU
		{536D34E4-A409-4567-B7C6-58F50206740E}.DebugWithFake|Any CPU.Build.0 = Debug|Any CPU
		{536D34E4-A409-4567-B7C6-58F50206740E}.DebugWithFake|ARM.ActiveCfg = Debug|Any CPU
		{536D34E4-A409-4567-B7C6-58F50206740E}.DebugWithFake|ARM.Build.0 = Debug|Any CPU
		{536D34E4-A409-4567-B7C6-58F50206740E}.DebugWithFake|x64.ActiveCfg = Debug|Any CPU
		{536D34E4-A409-4567-B7C6-58F50206740E}.DebugWithFake|x64.Build.0 = Debug|Any CPU
		{536D34E4-A409-4567-B7C6-58F50206740E}.DebugWithFake|x86.ActiveCfg = Debug|Any CPU
		{536D34E4-A409-4567-B7C6-58F50206740E}.DebugWithFake|x86.Build.0 = Debug|Any CPU
		{536D34E4-A409-4567-B7C6-58F50206740E}.DebugWithReal|Any CPU.ActiveCfg = Debug|Any CPU
		{536D34E4-A409-4567-B7C6-58F50206740E}.DebugWithReal|Any CPU.Build.0 = Debug|Any CPU
		{536D34E4-A409-4567-B7C6-58F50206740E}.DebugWithReal|ARM.ActiveCfg = Debug|Any CPU
		{536D34E4-A409-4567-B7C6-58F50206740E}.DebugWithReal|ARM.Build.0 = Debug|Any CPU
		{536D34E4-A409-4567-B7C6-58F50206740E}.DebugWithReal|x64.ActiveCfg = Debug|Any CPU
		{536D34E4-A409-4567-B7C6-58F50206740E}.DebugWithReal|x64.Build.0 = Debug|Any CPU
		{536D34E4-A409-4567-B7C6-58F50206740E}.DebugWithReal|x86.ActiveCfg = Debug|Any CPU
		{536D34E4-A409-4567-B7C6-58F50206740E}.DebugWithReal|x86.Build.0 = Debug|Any CPU
		{536D34E4-A409-4567-B7C6-58F50206740E}.Release|Any CPU.ActiveCfg = Release|Any CPU
		{536D34E4-A409-4567-B7C6-58F50206740E}.Release|Any CPU.Build.0 = Release|Any CPU
		{536D34E4-A409-4567-B7C6-58F50206740E}.Release|ARM.ActiveCfg = Release|Any CPU
		{536D34E4-A409-4567-B7C6-58F50206740E}.Release|ARM.Build.0 = Release|Any CPU
		{536D34E4-A409-4567-B7C6-58F50206740E}.Release|x64.ActiveCfg = Release|Any CPU
		{536D34E4-A409-4567-B7C6-58F50206740E}.Release|x64.Build.0 = Release|Any CPU
		{536D34E4-A409-4567-B7C6-58F50206740E}.Release|x86.ActiveCfg = Release|Any CPU
		{536D34E4-A409-4567-B7C6-58F50206740E}.Release|x86.Build.0 = Release|Any CPU
		{536D34E4-A409-4567-B7C6-58F50206740E}.TestsWithFake|Any CPU.ActiveCfg = Release|Any CPU
		{536D34E4-A409-4567-B7C6-58F50206740E}.TestsWithFake|Any CPU.Build.0 = Release|Any CPU
		{536D34E4-A409-4567-B7C6-58F50206740E}.TestsWithFake|ARM.ActiveCfg = Release|Any CPU
		{536D34E4-A409-4567-B7C6-58F50206740E}.TestsWithFake|ARM.Build.0 = Release|Any CPU
		{536D34E4-A409-4567-B7C6-58F50206740E}.TestsWithFake|x64.ActiveCfg = Release|Any CPU
		{536D34E4-A409-4567-B7C6-58F50206740E}.TestsWithFake|x64.Build.0 = Release|Any CPU
		{536D34E4-A409-4567-B7C6-58F50206740E}.TestsWithFake|x86.ActiveCfg = Release|Any CPU
		{536D34E4-A409-4567-B7C6-58F50206740E}.TestsWithFake|x86.Build.0 = Release|Any CPU
		{536D34E4-A409-4567-B7C6-58F50206740E}.TestsWithReal|Any CPU.ActiveCfg = Release|Any CPU
		{536D34E4-A409-4567-B7C6-58F50206740E}.TestsWithReal|Any CPU.Build.0 = Release|Any CPU
		{536D34E4-A409-4567-B7C6-58F50206740E}.TestsWithReal|ARM.ActiveCfg = Release|Any CPU
		{536D34E4-A409-4567-B7C6-58F50206740E}.TestsWithReal|ARM.Build.0 = Release|Any CPU
		{536D34E4-A409-4567-B7C6-58F50206740E}.TestsWithReal|x64.ActiveCfg = Release|Any CPU
		{536D34E4-A409-4567-B7C6-58F50206740E}.TestsWithReal|x64.Build.0 = Release|Any CPU
		{536D34E4-A409-4567-B7C6-58F50206740E}.TestsWithReal|x86.ActiveCfg = Release|Any CPU
		{536D34E4-A409-4567-B7C6-58F50206740E}.TestsWithReal|x86.Build.0 = Release|Any CPU
		{49724A56-9FA9-44C4-B731-1E414EE598BC}.Debug|Any CPU.ActiveCfg = Debug|Any CPU
		{49724A56-9FA9-44C4-B731-1E414EE598BC}.Debug|Any CPU.Build.0 = Debug|Any CPU
		{49724A56-9FA9-44C4-B731-1E414EE598BC}.Debug|ARM.ActiveCfg = Debug|Any CPU
		{49724A56-9FA9-44C4-B731-1E414EE598BC}.Debug|ARM.Build.0 = Debug|Any CPU
		{49724A56-9FA9-44C4-B731-1E414EE598BC}.Debug|x64.ActiveCfg = Debug|Any CPU
		{49724A56-9FA9-44C4-B731-1E414EE598BC}.Debug|x64.Build.0 = Debug|Any CPU
		{49724A56-9FA9-44C4-B731-1E414EE598BC}.Debug|x86.ActiveCfg = Debug|Any CPU
		{49724A56-9FA9-44C4-B731-1E414EE598BC}.Debug|x86.Build.0 = Debug|Any CPU
		{49724A56-9FA9-44C4-B731-1E414EE598BC}.DebugWithFake|Any CPU.ActiveCfg = Debug|Any CPU
		{49724A56-9FA9-44C4-B731-1E414EE598BC}.DebugWithFake|Any CPU.Build.0 = Debug|Any CPU
		{49724A56-9FA9-44C4-B731-1E414EE598BC}.DebugWithFake|ARM.ActiveCfg = Debug|Any CPU
		{49724A56-9FA9-44C4-B731-1E414EE598BC}.DebugWithFake|ARM.Build.0 = Debug|Any CPU
		{49724A56-9FA9-44C4-B731-1E414EE598BC}.DebugWithFake|x64.ActiveCfg = Debug|Any CPU
		{49724A56-9FA9-44C4-B731-1E414EE598BC}.DebugWithFake|x64.Build.0 = Debug|Any CPU
		{49724A56-9FA9-44C4-B731-1E414EE598BC}.DebugWithFake|x86.ActiveCfg = Debug|Any CPU
		{49724A56-9FA9-44C4-B731-1E414EE598BC}.DebugWithFake|x86.Build.0 = Debug|Any CPU
		{49724A56-9FA9-44C4-B731-1E414EE598BC}.DebugWithReal|Any CPU.ActiveCfg = Debug|Any CPU
		{49724A56-9FA9-44C4-B731-1E414EE598BC}.DebugWithReal|Any CPU.Build.0 = Debug|Any CPU
		{49724A56-9FA9-44C4-B731-1E414EE598BC}.DebugWithReal|ARM.ActiveCfg = Debug|Any CPU
		{49724A56-9FA9-44C4-B731-1E414EE598BC}.DebugWithReal|ARM.Build.0 = Debug|Any CPU
		{49724A56-9FA9-44C4-B731-1E414EE598BC}.DebugWithReal|x64.ActiveCfg = Debug|Any CPU
		{49724A56-9FA9-44C4-B731-1E414EE598BC}.DebugWithReal|x64.Build.0 = Debug|Any CPU
		{49724A56-9FA9-44C4-B731-1E414EE598BC}.DebugWithReal|x86.ActiveCfg = Debug|Any CPU
		{49724A56-9FA9-44C4-B731-1E414EE598BC}.DebugWithReal|x86.Build.0 = Debug|Any CPU
		{49724A56-9FA9-44C4-B731-1E414EE598BC}.Release|Any CPU.ActiveCfg = Release|Any CPU
		{49724A56-9FA9-44C4-B731-1E414EE598BC}.Release|Any CPU.Build.0 = Release|Any CPU
		{49724A56-9FA9-44C4-B731-1E414EE598BC}.Release|ARM.ActiveCfg = Release|Any CPU
		{49724A56-9FA9-44C4-B731-1E414EE598BC}.Release|ARM.Build.0 = Release|Any CPU
		{49724A56-9FA9-44C4-B731-1E414EE598BC}.Release|x64.ActiveCfg = Release|Any CPU
		{49724A56-9FA9-44C4-B731-1E414EE598BC}.Release|x64.Build.0 = Release|Any CPU
		{49724A56-9FA9-44C4-B731-1E414EE598BC}.Release|x86.ActiveCfg = Release|Any CPU
		{49724A56-9FA9-44C4-B731-1E414EE598BC}.Release|x86.Build.0 = Release|Any CPU
		{49724A56-9FA9-44C4-B731-1E414EE598BC}.TestsWithFake|Any CPU.ActiveCfg = Release|Any CPU
		{49724A56-9FA9-44C4-B731-1E414EE598BC}.TestsWithFake|Any CPU.Build.0 = Release|Any CPU
		{49724A56-9FA9-44C4-B731-1E414EE598BC}.TestsWithFake|ARM.ActiveCfg = Release|Any CPU
		{49724A56-9FA9-44C4-B731-1E414EE598BC}.TestsWithFake|ARM.Build.0 = Release|Any CPU
		{49724A56-9FA9-44C4-B731-1E414EE598BC}.TestsWithFake|x64.ActiveCfg = Release|Any CPU
		{49724A56-9FA9-44C4-B731-1E414EE598BC}.TestsWithFake|x64.Build.0 = Release|Any CPU
		{49724A56-9FA9-44C4-B731-1E414EE598BC}.TestsWithFake|x86.ActiveCfg = Release|Any CPU
		{49724A56-9FA9-44C4-B731-1E414EE598BC}.TestsWithFake|x86.Build.0 = Release|Any CPU
		{49724A56-9FA9-44C4-B731-1E414EE598BC}.TestsWithReal|Any CPU.ActiveCfg = Release|Any CPU
		{49724A56-9FA9-44C4-B731-1E414EE598BC}.TestsWithReal|Any CPU.Build.0 = Release|Any CPU
		{49724A56-9FA9-44C4-B731-1E414EE598BC}.TestsWithReal|ARM.ActiveCfg = Release|Any CPU
		{49724A56-9FA9-44C4-B731-1E414EE598BC}.TestsWithReal|ARM.Build.0 = Release|Any CPU
		{49724A56-9FA9-44C4-B731-1E414EE598BC}.TestsWithReal|x64.ActiveCfg = Release|Any CPU
		{49724A56-9FA9-44C4-B731-1E414EE598BC}.TestsWithReal|x64.Build.0 = Release|Any CPU
		{49724A56-9FA9-44C4-B731-1E414EE598BC}.TestsWithReal|x86.ActiveCfg = Release|Any CPU
		{49724A56-9FA9-44C4-B731-1E414EE598BC}.TestsWithReal|x86.Build.0 = Release|Any CPU
		{33766857-5FCE-4C2C-B167-E76A9F521FF0}.Debug|Any CPU.ActiveCfg = Debug|Any CPU
		{33766857-5FCE-4C2C-B167-E76A9F521FF0}.Debug|Any CPU.Build.0 = Debug|Any CPU
		{33766857-5FCE-4C2C-B167-E76A9F521FF0}.Debug|ARM.ActiveCfg = Debug|Any CPU
		{33766857-5FCE-4C2C-B167-E76A9F521FF0}.Debug|ARM.Build.0 = Debug|Any CPU
		{33766857-5FCE-4C2C-B167-E76A9F521FF0}.Debug|x64.ActiveCfg = Debug|Any CPU
		{33766857-5FCE-4C2C-B167-E76A9F521FF0}.Debug|x64.Build.0 = Debug|Any CPU
		{33766857-5FCE-4C2C-B167-E76A9F521FF0}.Debug|x86.ActiveCfg = Debug|Any CPU
		{33766857-5FCE-4C2C-B167-E76A9F521FF0}.Debug|x86.Build.0 = Debug|Any CPU
		{33766857-5FCE-4C2C-B167-E76A9F521FF0}.DebugWithFake|Any CPU.ActiveCfg = Debug|Any CPU
		{33766857-5FCE-4C2C-B167-E76A9F521FF0}.DebugWithFake|Any CPU.Build.0 = Debug|Any CPU
		{33766857-5FCE-4C2C-B167-E76A9F521FF0}.DebugWithFake|ARM.ActiveCfg = Debug|Any CPU
		{33766857-5FCE-4C2C-B167-E76A9F521FF0}.DebugWithFake|ARM.Build.0 = Debug|Any CPU
		{33766857-5FCE-4C2C-B167-E76A9F521FF0}.DebugWithFake|x64.ActiveCfg = Debug|Any CPU
		{33766857-5FCE-4C2C-B167-E76A9F521FF0}.DebugWithFake|x64.Build.0 = Debug|Any CPU
		{33766857-5FCE-4C2C-B167-E76A9F521FF0}.DebugWithFake|x86.ActiveCfg = Debug|Any CPU
		{33766857-5FCE-4C2C-B167-E76A9F521FF0}.DebugWithFake|x86.Build.0 = Debug|Any CPU
		{33766857-5FCE-4C2C-B167-E76A9F521FF0}.DebugWithReal|Any CPU.ActiveCfg = Debug|Any CPU
		{33766857-5FCE-4C2C-B167-E76A9F521FF0}.DebugWithReal|Any CPU.Build.0 = Debug|Any CPU
		{33766857-5FCE-4C2C-B167-E76A9F521FF0}.DebugWithReal|ARM.ActiveCfg = Debug|Any CPU
		{33766857-5FCE-4C2C-B167-E76A9F521FF0}.DebugWithReal|ARM.Build.0 = Debug|Any CPU
		{33766857-5FCE-4C2C-B167-E76A9F521FF0}.DebugWithReal|x64.ActiveCfg = Debug|Any CPU
		{33766857-5FCE-4C2C-B167-E76A9F521FF0}.DebugWithReal|x64.Build.0 = Debug|Any CPU
		{33766857-5FCE-4C2C-B167-E76A9F521FF0}.DebugWithReal|x86.ActiveCfg = Debug|Any CPU
		{33766857-5FCE-4C2C-B167-E76A9F521FF0}.DebugWithReal|x86.Build.0 = Debug|Any CPU
		{33766857-5FCE-4C2C-B167-E76A9F521FF0}.Release|Any CPU.ActiveCfg = Release|Any CPU
		{33766857-5FCE-4C2C-B167-E76A9F521FF0}.Release|Any CPU.Build.0 = Release|Any CPU
		{33766857-5FCE-4C2C-B167-E76A9F521FF0}.Release|ARM.ActiveCfg = Release|Any CPU
		{33766857-5FCE-4C2C-B167-E76A9F521FF0}.Release|ARM.Build.0 = Release|Any CPU
		{33766857-5FCE-4C2C-B167-E76A9F521FF0}.Release|x64.ActiveCfg = Release|Any CPU
		{33766857-5FCE-4C2C-B167-E76A9F521FF0}.Release|x64.Build.0 = Release|Any CPU
		{33766857-5FCE-4C2C-B167-E76A9F521FF0}.Release|x86.ActiveCfg = Release|Any CPU
		{33766857-5FCE-4C2C-B167-E76A9F521FF0}.Release|x86.Build.0 = Release|Any CPU
		{33766857-5FCE-4C2C-B167-E76A9F521FF0}.TestsWithFake|Any CPU.ActiveCfg = Release|Any CPU
		{33766857-5FCE-4C2C-B167-E76A9F521FF0}.TestsWithFake|Any CPU.Build.0 = Release|Any CPU
		{33766857-5FCE-4C2C-B167-E76A9F521FF0}.TestsWithFake|ARM.ActiveCfg = Release|Any CPU
		{33766857-5FCE-4C2C-B167-E76A9F521FF0}.TestsWithFake|ARM.Build.0 = Release|Any CPU
		{33766857-5FCE-4C2C-B167-E76A9F521FF0}.TestsWithFake|x64.ActiveCfg = Release|Any CPU
		{33766857-5FCE-4C2C-B167-E76A9F521FF0}.TestsWithFake|x64.Build.0 = Release|Any CPU
		{33766857-5FCE-4C2C-B167-E76A9F521FF0}.TestsWithFake|x86.ActiveCfg = Release|Any CPU
		{33766857-5FCE-4C2C-B167-E76A9F521FF0}.TestsWithFake|x86.Build.0 = Release|Any CPU
		{33766857-5FCE-4C2C-B167-E76A9F521FF0}.TestsWithReal|Any CPU.ActiveCfg = Release|Any CPU
		{33766857-5FCE-4C2C-B167-E76A9F521FF0}.TestsWithReal|Any CPU.Build.0 = Release|Any CPU
		{33766857-5FCE-4C2C-B167-E76A9F521FF0}.TestsWithReal|ARM.ActiveCfg = Release|Any CPU
		{33766857-5FCE-4C2C-B167-E76A9F521FF0}.TestsWithReal|ARM.Build.0 = Release|Any CPU
		{33766857-5FCE-4C2C-B167-E76A9F521FF0}.TestsWithReal|x64.ActiveCfg = Release|Any CPU
		{33766857-5FCE-4C2C-B167-E76A9F521FF0}.TestsWithReal|x64.Build.0 = Release|Any CPU
		{33766857-5FCE-4C2C-B167-E76A9F521FF0}.TestsWithReal|x86.ActiveCfg = Release|Any CPU
		{33766857-5FCE-4C2C-B167-E76A9F521FF0}.TestsWithReal|x86.Build.0 = Release|Any CPU
		{1CBD252C-38C7-4600-8111-016C4E67A18D}.Debug|Any CPU.ActiveCfg = Debug|Any CPU
		{1CBD252C-38C7-4600-8111-016C4E67A18D}.Debug|Any CPU.Build.0 = Debug|Any CPU
		{1CBD252C-38C7-4600-8111-016C4E67A18D}.Debug|ARM.ActiveCfg = Debug|ARM
		{1CBD252C-38C7-4600-8111-016C4E67A18D}.Debug|ARM.Build.0 = Debug|ARM
		{1CBD252C-38C7-4600-8111-016C4E67A18D}.Debug|x64.ActiveCfg = Debug|x64
		{1CBD252C-38C7-4600-8111-016C4E67A18D}.Debug|x64.Build.0 = Debug|x64
		{1CBD252C-38C7-4600-8111-016C4E67A18D}.Debug|x86.ActiveCfg = Debug|x86
		{1CBD252C-38C7-4600-8111-016C4E67A18D}.Debug|x86.Build.0 = Debug|x86
		{1CBD252C-38C7-4600-8111-016C4E67A18D}.DebugWithFake|Any CPU.ActiveCfg = Debug|Any CPU
		{1CBD252C-38C7-4600-8111-016C4E67A18D}.DebugWithFake|Any CPU.Build.0 = Debug|Any CPU
		{1CBD252C-38C7-4600-8111-016C4E67A18D}.DebugWithFake|ARM.ActiveCfg = Debug|ARM
		{1CBD252C-38C7-4600-8111-016C4E67A18D}.DebugWithFake|ARM.Build.0 = Debug|ARM
		{1CBD252C-38C7-4600-8111-016C4E67A18D}.DebugWithFake|x64.ActiveCfg = Debug|x64
		{1CBD252C-38C7-4600-8111-016C4E67A18D}.DebugWithFake|x64.Build.0 = Debug|x64
		{1CBD252C-38C7-4600-8111-016C4E67A18D}.DebugWithFake|x86.ActiveCfg = Debug|x86
		{1CBD252C-38C7-4600-8111-016C4E67A18D}.DebugWithFake|x86.Build.0 = Debug|x86
		{1CBD252C-38C7-4600-8111-016C4E67A18D}.DebugWithReal|Any CPU.ActiveCfg = Debug|Any CPU
		{1CBD252C-38C7-4600-8111-016C4E67A18D}.DebugWithReal|Any CPU.Build.0 = Debug|Any CPU
		{1CBD252C-38C7-4600-8111-016C4E67A18D}.DebugWithReal|ARM.ActiveCfg = Debug|ARM
		{1CBD252C-38C7-4600-8111-016C4E67A18D}.DebugWithReal|ARM.Build.0 = Debug|ARM
		{1CBD252C-38C7-4600-8111-016C4E67A18D}.DebugWithReal|x64.ActiveCfg = Debug|x64
		{1CBD252C-38C7-4600-8111-016C4E67A18D}.DebugWithReal|x64.Build.0 = Debug|x64
		{1CBD252C-38C7-4600-8111-016C4E67A18D}.DebugWithReal|x86.ActiveCfg = Debug|x86
		{1CBD252C-38C7-4600-8111-016C4E67A18D}.DebugWithReal|x86.Build.0 = Debug|x86
		{1CBD252C-38C7-4600-8111-016C4E67A18D}.Release|Any CPU.ActiveCfg = Release|Any CPU
		{1CBD252C-38C7-4600-8111-016C4E67A18D}.Release|Any CPU.Build.0 = Release|Any CPU
		{1CBD252C-38C7-4600-8111-016C4E67A18D}.Release|ARM.ActiveCfg = Release|ARM
		{1CBD252C-38C7-4600-8111-016C4E67A18D}.Release|ARM.Build.0 = Release|ARM
		{1CBD252C-38C7-4600-8111-016C4E67A18D}.Release|x64.ActiveCfg = Release|x64
		{1CBD252C-38C7-4600-8111-016C4E67A18D}.Release|x64.Build.0 = Release|x64
		{1CBD252C-38C7-4600-8111-016C4E67A18D}.Release|x86.ActiveCfg = Release|x86
		{1CBD252C-38C7-4600-8111-016C4E67A18D}.Release|x86.Build.0 = Release|x86
		{1CBD252C-38C7-4600-8111-016C4E67A18D}.TestsWithFake|Any CPU.ActiveCfg = Release|Any CPU
		{1CBD252C-38C7-4600-8111-016C4E67A18D}.TestsWithFake|Any CPU.Build.0 = Release|Any CPU
		{1CBD252C-38C7-4600-8111-016C4E67A18D}.TestsWithFake|ARM.ActiveCfg = Release|ARM
		{1CBD252C-38C7-4600-8111-016C4E67A18D}.TestsWithFake|ARM.Build.0 = Release|ARM
		{1CBD252C-38C7-4600-8111-016C4E67A18D}.TestsWithFake|x64.ActiveCfg = Release|x64
		{1CBD252C-38C7-4600-8111-016C4E67A18D}.TestsWithFake|x64.Build.0 = Release|x64
		{1CBD252C-38C7-4600-8111-016C4E67A18D}.TestsWithFake|x86.ActiveCfg = Release|x86
		{1CBD252C-38C7-4600-8111-016C4E67A18D}.TestsWithFake|x86.Build.0 = Release|x86
		{1CBD252C-38C7-4600-8111-016C4E67A18D}.TestsWithReal|Any CPU.ActiveCfg = Release|Any CPU
		{1CBD252C-38C7-4600-8111-016C4E67A18D}.TestsWithReal|Any CPU.Build.0 = Release|Any CPU
		{1CBD252C-38C7-4600-8111-016C4E67A18D}.TestsWithReal|ARM.ActiveCfg = Release|ARM
		{1CBD252C-38C7-4600-8111-016C4E67A18D}.TestsWithReal|ARM.Build.0 = Release|ARM
		{1CBD252C-38C7-4600-8111-016C4E67A18D}.TestsWithReal|x64.ActiveCfg = Release|x64
		{1CBD252C-38C7-4600-8111-016C4E67A18D}.TestsWithReal|x64.Build.0 = Release|x64
		{1CBD252C-38C7-4600-8111-016C4E67A18D}.TestsWithReal|x86.ActiveCfg = Release|x86
		{1CBD252C-38C7-4600-8111-016C4E67A18D}.TestsWithReal|x86.Build.0 = Release|x86
		{9832AB2D-B0A3-46F7-A4CF-AAC590F3F249}.Debug|Any CPU.ActiveCfg = Debug|Any CPU
		{9832AB2D-B0A3-46F7-A4CF-AAC590F3F249}.Debug|Any CPU.Build.0 = Debug|Any CPU
		{9832AB2D-B0A3-46F7-A4CF-AAC590F3F249}.Debug|ARM.ActiveCfg = Debug|ARM
		{9832AB2D-B0A3-46F7-A4CF-AAC590F3F249}.Debug|ARM.Build.0 = Debug|ARM
		{9832AB2D-B0A3-46F7-A4CF-AAC590F3F249}.Debug|x64.ActiveCfg = Debug|x64
		{9832AB2D-B0A3-46F7-A4CF-AAC590F3F249}.Debug|x64.Build.0 = Debug|x64
		{9832AB2D-B0A3-46F7-A4CF-AAC590F3F249}.Debug|x86.ActiveCfg = Debug|x86
		{9832AB2D-B0A3-46F7-A4CF-AAC590F3F249}.Debug|x86.Build.0 = Debug|x86
		{9832AB2D-B0A3-46F7-A4CF-AAC590F3F249}.DebugWithFake|Any CPU.ActiveCfg = Debug|Any CPU
		{9832AB2D-B0A3-46F7-A4CF-AAC590F3F249}.DebugWithFake|Any CPU.Build.0 = Debug|Any CPU
		{9832AB2D-B0A3-46F7-A4CF-AAC590F3F249}.DebugWithFake|ARM.ActiveCfg = Debug|ARM
		{9832AB2D-B0A3-46F7-A4CF-AAC590F3F249}.DebugWithFake|ARM.Build.0 = Debug|ARM
		{9832AB2D-B0A3-46F7-A4CF-AAC590F3F249}.DebugWithFake|x64.ActiveCfg = Debug|x64
		{9832AB2D-B0A3-46F7-A4CF-AAC590F3F249}.DebugWithFake|x64.Build.0 = Debug|x64
		{9832AB2D-B0A3-46F7-A4CF-AAC590F3F249}.DebugWithFake|x86.ActiveCfg = Debug|x86
		{9832AB2D-B0A3-46F7-A4CF-AAC590F3F249}.DebugWithFake|x86.Build.0 = Debug|x86
		{9832AB2D-B0A3-46F7-A4CF-AAC590F3F249}.DebugWithReal|Any CPU.ActiveCfg = Debug|Any CPU
		{9832AB2D-B0A3-46F7-A4CF-AAC590F3F249}.DebugWithReal|Any CPU.Build.0 = Debug|Any CPU
		{9832AB2D-B0A3-46F7-A4CF-AAC590F3F249}.DebugWithReal|ARM.ActiveCfg = Debug|ARM
		{9832AB2D-B0A3-46F7-A4CF-AAC590F3F249}.DebugWithReal|ARM.Build.0 = Debug|ARM
		{9832AB2D-B0A3-46F7-A4CF-AAC590F3F249}.DebugWithReal|x64.ActiveCfg = Debug|x64
		{9832AB2D-B0A3-46F7-A4CF-AAC590F3F249}.DebugWithReal|x64.Build.0 = Debug|x64
		{9832AB2D-B0A3-46F7-A4CF-AAC590F3F249}.DebugWithReal|x86.ActiveCfg = Debug|x86
		{9832AB2D-B0A3-46F7-A4CF-AAC590F3F249}.DebugWithReal|x86.Build.0 = Debug|x86
		{9832AB2D-B0A3-46F7-A4CF-AAC590F3F249}.Release|Any CPU.ActiveCfg = Release|Any CPU
		{9832AB2D-B0A3-46F7-A4CF-AAC590F3F249}.Release|Any CPU.Build.0 = Release|Any CPU
		{9832AB2D-B0A3-46F7-A4CF-AAC590F3F249}.Release|ARM.ActiveCfg = Release|ARM
		{9832AB2D-B0A3-46F7-A4CF-AAC590F3F249}.Release|ARM.Build.0 = Release|ARM
		{9832AB2D-B0A3-46F7-A4CF-AAC590F3F249}.Release|x64.ActiveCfg = Release|x64
		{9832AB2D-B0A3-46F7-A4CF-AAC590F3F249}.Release|x64.Build.0 = Release|x64
		{9832AB2D-B0A3-46F7-A4CF-AAC590F3F249}.Release|x86.ActiveCfg = Release|x86
		{9832AB2D-B0A3-46F7-A4CF-AAC590F3F249}.Release|x86.Build.0 = Release|x86
		{9832AB2D-B0A3-46F7-A4CF-AAC590F3F249}.TestsWithFake|Any CPU.ActiveCfg = Release|Any CPU
		{9832AB2D-B0A3-46F7-A4CF-AAC590F3F249}.TestsWithFake|Any CPU.Build.0 = Release|Any CPU
		{9832AB2D-B0A3-46F7-A4CF-AAC590F3F249}.TestsWithFake|ARM.ActiveCfg = Release|ARM
		{9832AB2D-B0A3-46F7-A4CF-AAC590F3F249}.TestsWithFake|ARM.Build.0 = Release|ARM
		{9832AB2D-B0A3-46F7-A4CF-AAC590F3F249}.TestsWithFake|x64.ActiveCfg = Release|x64
		{9832AB2D-B0A3-46F7-A4CF-AAC590F3F249}.TestsWithFake|x64.Build.0 = Release|x64
		{9832AB2D-B0A3-46F7-A4CF-AAC590F3F249}.TestsWithFake|x86.ActiveCfg = Release|x86
		{9832AB2D-B0A3-46F7-A4CF-AAC590F3F249}.TestsWithFake|x86.Build.0 = Release|x86
		{9832AB2D-B0A3-46F7-A4CF-AAC590F3F249}.TestsWithReal|Any CPU.ActiveCfg = Release|Any CPU
		{9832AB2D-B0A3-46F7-A4CF-AAC590F3F249}.TestsWithReal|Any CPU.Build.0 = Release|Any CPU
		{9832AB2D-B0A3-46F7-A4CF-AAC590F3F249}.TestsWithReal|ARM.ActiveCfg = Release|ARM
		{9832AB2D-B0A3-46F7-A4CF-AAC590F3F249}.TestsWithReal|ARM.Build.0 = Release|ARM
		{9832AB2D-B0A3-46F7-A4CF-AAC590F3F249}.TestsWithReal|x64.ActiveCfg = Release|x64
		{9832AB2D-B0A3-46F7-A4CF-AAC590F3F249}.TestsWithReal|x64.Build.0 = Release|x64
		{9832AB2D-B0A3-46F7-A4CF-AAC590F3F249}.TestsWithReal|x86.ActiveCfg = Release|x86
		{9832AB2D-B0A3-46F7-A4CF-AAC590F3F249}.TestsWithReal|x86.Build.0 = Release|x86
		{107C7C68-C61A-46FA-8554-0D6D360188F7}.Debug|Any CPU.ActiveCfg = Debug|Any CPU
		{107C7C68-C61A-46FA-8554-0D6D360188F7}.Debug|Any CPU.Build.0 = Debug|Any CPU
		{107C7C68-C61A-46FA-8554-0D6D360188F7}.Debug|ARM.ActiveCfg = Debug|ARM
		{107C7C68-C61A-46FA-8554-0D6D360188F7}.Debug|ARM.Build.0 = Debug|ARM
		{107C7C68-C61A-46FA-8554-0D6D360188F7}.Debug|x64.ActiveCfg = Debug|x64
		{107C7C68-C61A-46FA-8554-0D6D360188F7}.Debug|x64.Build.0 = Debug|x64
		{107C7C68-C61A-46FA-8554-0D6D360188F7}.Debug|x86.ActiveCfg = Debug|x86
		{107C7C68-C61A-46FA-8554-0D6D360188F7}.Debug|x86.Build.0 = Debug|x86
		{107C7C68-C61A-46FA-8554-0D6D360188F7}.DebugWithFake|Any CPU.ActiveCfg = Debug|Any CPU
		{107C7C68-C61A-46FA-8554-0D6D360188F7}.DebugWithFake|Any CPU.Build.0 = Debug|Any CPU
		{107C7C68-C61A-46FA-8554-0D6D360188F7}.DebugWithFake|ARM.ActiveCfg = Debug|ARM
		{107C7C68-C61A-46FA-8554-0D6D360188F7}.DebugWithFake|ARM.Build.0 = Debug|ARM
		{107C7C68-C61A-46FA-8554-0D6D360188F7}.DebugWithFake|x64.ActiveCfg = Debug|x64
		{107C7C68-C61A-46FA-8554-0D6D360188F7}.DebugWithFake|x64.Build.0 = Debug|x64
		{107C7C68-C61A-46FA-8554-0D6D360188F7}.DebugWithFake|x86.ActiveCfg = Debug|x86
		{107C7C68-C61A-46FA-8554-0D6D360188F7}.DebugWithFake|x86.Build.0 = Debug|x86
		{107C7C68-C61A-46FA-8554-0D6D360188F7}.DebugWithReal|Any CPU.ActiveCfg = Debug|Any CPU
		{107C7C68-C61A-46FA-8554-0D6D360188F7}.DebugWithReal|Any CPU.Build.0 = Debug|Any CPU
		{107C7C68-C61A-46FA-8554-0D6D360188F7}.DebugWithReal|ARM.ActiveCfg = Debug|ARM
		{107C7C68-C61A-46FA-8554-0D6D360188F7}.DebugWithReal|ARM.Build.0 = Debug|ARM
		{107C7C68-C61A-46FA-8554-0D6D360188F7}.DebugWithReal|x64.ActiveCfg = Debug|x64
		{107C7C68-C61A-46FA-8554-0D6D360188F7}.DebugWithReal|x64.Build.0 = Debug|x64
		{107C7C68-C61A-46FA-8554-0D6D360188F7}.DebugWithReal|x86.ActiveCfg = Debug|x86
		{107C7C68-C61A-46FA-8554-0D6D360188F7}.DebugWithReal|x86.Build.0 = Debug|x86
		{107C7C68-C61A-46FA-8554-0D6D360188F7}.Release|Any CPU.ActiveCfg = Release|Any CPU
		{107C7C68-C61A-46FA-8554-0D6D360188F7}.Release|Any CPU.Build.0 = Release|Any CPU
		{107C7C68-C61A-46FA-8554-0D6D360188F7}.Release|ARM.ActiveCfg = Release|ARM
		{107C7C68-C61A-46FA-8554-0D6D360188F7}.Release|ARM.Build.0 = Release|ARM
		{107C7C68-C61A-46FA-8554-0D6D360188F7}.Release|x64.ActiveCfg = Release|x64
		{107C7C68-C61A-46FA-8554-0D6D360188F7}.Release|x64.Build.0 = Release|x64
		{107C7C68-C61A-46FA-8554-0D6D360188F7}.Release|x86.ActiveCfg = Release|x86
		{107C7C68-C61A-46FA-8554-0D6D360188F7}.Release|x86.Build.0 = Release|x86
		{107C7C68-C61A-46FA-8554-0D6D360188F7}.TestsWithFake|Any CPU.ActiveCfg = Release|Any CPU
		{107C7C68-C61A-46FA-8554-0D6D360188F7}.TestsWithFake|Any CPU.Build.0 = Release|Any CPU
		{107C7C68-C61A-46FA-8554-0D6D360188F7}.TestsWithFake|ARM.ActiveCfg = Release|ARM
		{107C7C68-C61A-46FA-8554-0D6D360188F7}.TestsWithFake|ARM.Build.0 = Release|ARM
		{107C7C68-C61A-46FA-8554-0D6D360188F7}.TestsWithFake|x64.ActiveCfg = Release|x64
		{107C7C68-C61A-46FA-8554-0D6D360188F7}.TestsWithFake|x64.Build.0 = Release|x64
		{107C7C68-C61A-46FA-8554-0D6D360188F7}.TestsWithFake|x86.ActiveCfg = Release|x86
		{107C7C68-C61A-46FA-8554-0D6D360188F7}.TestsWithFake|x86.Build.0 = Release|x86
		{107C7C68-C61A-46FA-8554-0D6D360188F7}.TestsWithReal|Any CPU.ActiveCfg = Release|Any CPU
		{107C7C68-C61A-46FA-8554-0D6D360188F7}.TestsWithReal|Any CPU.Build.0 = Release|Any CPU
		{107C7C68-C61A-46FA-8554-0D6D360188F7}.TestsWithReal|ARM.ActiveCfg = Release|ARM
		{107C7C68-C61A-46FA-8554-0D6D360188F7}.TestsWithReal|ARM.Build.0 = Release|ARM
		{107C7C68-C61A-46FA-8554-0D6D360188F7}.TestsWithReal|x64.ActiveCfg = Release|x64
		{107C7C68-C61A-46FA-8554-0D6D360188F7}.TestsWithReal|x64.Build.0 = Release|x64
		{107C7C68-C61A-46FA-8554-0D6D360188F7}.TestsWithReal|x86.ActiveCfg = Release|x86
		{107C7C68-C61A-46FA-8554-0D6D360188F7}.TestsWithReal|x86.Build.0 = Release|x86
	EndGlobalSection
	GlobalSection(SolutionProperties) = preSolution
		HideSolutionNode = FALSE
	EndGlobalSection
	GlobalSection(NestedProjects) = preSolution
		{FFB623FC-A887-47DD-B5EC-02891554A879} = {3B0CEF1C-B6E2-41F8-A756-40482E4C9363}
		{1B063B72-6122-428B-8BE1-33AF36E50D73} = {8EBED338-A787-47EF-AD84-F94632AAEFBB}
		{F20F3474-9F72-4A8D-80D9-A61536E13CC1} = {8EBED338-A787-47EF-AD84-F94632AAEFBB}
		{8A567338-89FB-49AA-80FE-B47AE861D6A7} = {1B063B72-6122-428B-8BE1-33AF36E50D73}
		{D2432BC9-C269-47CA-85AC-7B1F79BDD2B7} = {1B063B72-6122-428B-8BE1-33AF36E50D73}
		{536D34E4-A409-4567-B7C6-58F50206740E} = {FF80CE9B-F7F2-4006-939A-6E2F12D994A9}
		{49724A56-9FA9-44C4-B731-1E414EE598BC} = {FF80CE9B-F7F2-4006-939A-6E2F12D994A9}
		{33766857-5FCE-4C2C-B167-E76A9F521FF0} = {FF80CE9B-F7F2-4006-939A-6E2F12D994A9}
		{1CBD252C-38C7-4600-8111-016C4E67A18D} = {F20F3474-9F72-4A8D-80D9-A61536E13CC1}
		{9832AB2D-B0A3-46F7-A4CF-AAC590F3F249} = {F20F3474-9F72-4A8D-80D9-A61536E13CC1}
		{107C7C68-C61A-46FA-8554-0D6D360188F7} = {F20F3474-9F72-4A8D-80D9-A61536E13CC1}
	EndGlobalSection
EndGlobal
