
Microsoft Visual Studio Solution File, Format Version 12.00
# Visual Studio Version 16
VisualStudioVersion = 16.0.28803.452
MinimumVisualStudioVersion = 10.0.40219.1
Project("{2150E333-8FDC-42A3-9474-1A3956D46DE8}") = "App", "App", "{6C471188-6D80-40C2-A44C-5F95218FD046}"
EndProject
Project("{2150E333-8FDC-42A3-9474-1A3956D46DE8}") = "Presentation", "Presentation", "{F8C85600-DF87-4329-A1DF-528B72186EB4}"
EndProject
Project("{FAE04EC0-301F-11D3-BF4B-00C04F79EFBC}") = "Samples.Universal.Client.Presentation.Shell", "Samples.Universal.Client.Presentation.Shell\Samples.Universal.Client.Presentation.Shell.csproj", "{E500BAA3-8827-4948-864E-948057D66FCD}"
EndProject
Project("{2150E333-8FDC-42A3-9474-1A3956D46DE8}") = "Model", "Model", "{16F8AE28-5630-45CD-95FE-9374380C3110}"
EndProject
Project("{9A19103F-16F7-4668-BE54-9A1E7A4F7556}") = "Samples.Client.Model.Contracts", "Samples.Client.Model.Contracts\Samples.Client.Model.Contracts.csproj", "{A1E6F0DE-FD0E-47FE-BC8A-308D5852DDFE}"
EndProject
Project("{9A19103F-16F7-4668-BE54-9A1E7A4F7556}") = "Samples.Client.Model.Shared", "Samples.Client.Model.Shared\Samples.Client.Model.Shared.csproj", "{9F78BD29-D21D-4A2C-9BA9-A115E0DA7D60}"
EndProject
Project("{9A19103F-16F7-4668-BE54-9A1E7A4F7556}") = "Samples.Client.Model", "Samples.Client.Model\Samples.Client.Model.csproj", "{7B58BB6A-4AD6-408C-9BA9-9E719F32FA6B}"
EndProject
Project("{2150E333-8FDC-42A3-9474-1A3956D46DE8}") = "Data", "Data", "{481AB6F4-158D-4A42-AC5E-BDCF1646B944}"
EndProject
Project("{2150E333-8FDC-42A3-9474-1A3956D46DE8}") = "Contracts", "Contracts", "{18966265-A0DD-4BE0-A94B-6C557D8E6C3A}"
EndProject
Project("{9A19103F-16F7-4668-BE54-9A1E7A4F7556}") = "Samples.Client.Data.Contracts.Dto", "Samples.Client.Data.Contracts.Dto\Samples.Client.Data.Contracts.Dto.csproj", "{74F8BCC6-44E7-451F-994C-1B76D1B7F3CE}"
EndProject
Project("{9A19103F-16F7-4668-BE54-9A1E7A4F7556}") = "Samples.Client.Data.Contracts.Providers", "Samples.Client.Data.Contracts.Providers\Samples.Client.Data.Contracts.Providers.csproj", "{FF7E7DDE-4E80-4377-B1EC-307E4FAA49CE}"
EndProject
Project("{2150E333-8FDC-42A3-9474-1A3956D46DE8}") = "Fake", "Fake", "{8FD7B589-F105-4D5B-BA50-8C95766BF853}"
EndProject
Project("{9A19103F-16F7-4668-BE54-9A1E7A4F7556}") = "Samples.Client.Data.Fake.Containers", "Samples.Client.Data.Fake.Containers\Samples.Client.Data.Fake.Containers.csproj", "{4F0ACEA0-C2BC-4500-B684-3C304DFDEE03}"
EndProject
Project("{9A19103F-16F7-4668-BE54-9A1E7A4F7556}") = "Samples.Client.Data.Fake.ProviderBuilders", "Samples.Client.Data.Fake.ProviderBuilders\Samples.Client.Data.Fake.ProviderBuilders.csproj", "{6CB51411-FDC4-4342-991E-6C5E1CAB190D}"
EndProject
Project("{9A19103F-16F7-4668-BE54-9A1E7A4F7556}") = "Samples.Client.Data.Fake.Providers", "Samples.Client.Data.Fake.Providers\Samples.Client.Data.Fake.Providers.csproj", "{4DDC43D6-FE08-45CD-BEE5-AC74A813431C}"
EndProject
Project("{2150E333-8FDC-42A3-9474-1A3956D46DE8}") = "Tests", "Tests", "{C6BFC49D-B321-4792-8290-E4147CCA7D96}"
EndProject
Project("{FAE04EC0-301F-11D3-BF4B-00C04F79EFBC}") = "Samples.Client.Tests.Specs", "Samples.Client.Tests.Specs\Samples.Client.Tests.Specs.csproj", "{11220793-E36E-4D6A-8C56-79139B8420B1}"
EndProject
Project("{FAE04EC0-301F-11D3-BF4B-00C04F79EFBC}") = "Samples.Client.Tests.Steps.Adapters", "Samples.Client.Tests.Steps.Adapters\Samples.Client.Tests.Steps.Adapters.csproj", "{C36681E1-11AF-4A19-B6E8-DD263F931331}"
EndProject
Project("{9A19103F-16F7-4668-BE54-9A1E7A4F7556}") = "Samples.Client.Data.Fake.Shared", "Samples.Client.Data.Fake.Shared\Samples.Client.Data.Fake.Shared.csproj", "{4F2F3BA6-1EE9-4C40-8FDC-81A8267B8265}"
EndProject
Project("{FAE04EC0-301F-11D3-BF4B-00C04F79EFBC}") = "Samples.Client.Tests.EndToEnd", "Samples.Client.Tests.EndToEnd\Samples.Client.Tests.EndToEnd.csproj", "{C93774D9-B685-4DD0-8F32-69DEF6ABB883}"
EndProject
Project("{FAE04EC0-301F-11D3-BF4B-00C04F79EFBC}") = "Samples.Client.Tests.Contracts", "Samples.Client.Tests.Contracts\Samples.Client.Tests.Contracts.csproj", "{B9417284-A96F-413D-AF16-201D25FCBFE6}"
EndProject
Project("{FAE04EC0-301F-11D3-BF4B-00C04F79EFBC}") = "Samples.Client.Tests.EndToEnd.Infra.Fake", "Samples.Client.Tests.EndToEnd.Infra.Fake\Samples.Client.Tests.EndToEnd.Infra.Fake.csproj", "{BC360AC8-A54A-4DC1-A144-217EF840977E}"
EndProject
Project("{FAE04EC0-301F-11D3-BF4B-00C04F79EFBC}") = "Samples.Client.Tests.EndToEnd.Infra.Launcher", "Samples.Client.Tests.EndToEnd.Infra.Launcher\Samples.Client.Tests.EndToEnd.Infra.Launcher.csproj", "{D9D90494-C981-4216-8E5E-3982DD07A41F}"
EndProject
Project("{FAE04EC0-301F-11D3-BF4B-00C04F79EFBC}") = "Samples.Client.Tests.Steps", "Samples.Client.Tests.Steps\Samples.Client.Tests.Steps.csproj", "{88515806-7D25-4A29-ABAC-118DD2A53CF4}"
EndProject
Project("{9A19103F-16F7-4668-BE54-9A1E7A4F7556}") = "Samples.Client.Tests.EndToEnd.Infra.Providers", "Samples.Client.Tests.EndToEnd.Infra.Providers\Samples.Client.Tests.EndToEnd.Infra.Providers.csproj", "{9775CBC9-6214-4610-95AA-3BFA2BD4A749}"
EndProject
Project("{FAE04EC0-301F-11D3-BF4B-00C04F79EFBC}") = "Samples.Universal.Launcher", "Samples.Universal.Launcher\Samples.Universal.Launcher.csproj", "{7DFCB724-EB78-4A56-8D09-37522B6D08D0}"
EndProject
Global
	GlobalSection(SolutionConfigurationPlatforms) = preSolution
		Debug|Any CPU = Debug|Any CPU
		Debug|ARM = Debug|ARM
		Debug|x64 = Debug|x64
		Debug|x86 = Debug|x86
		Release|Any CPU = Release|Any CPU
		Release|ARM = Release|ARM
		Release|x64 = Release|x64
		Release|x86 = Release|x86
	EndGlobalSection
	GlobalSection(ProjectConfigurationPlatforms) = postSolution
		{E500BAA3-8827-4948-864E-948057D66FCD}.Debug|Any CPU.ActiveCfg = Debug|Any CPU
		{E500BAA3-8827-4948-864E-948057D66FCD}.Debug|Any CPU.Build.0 = Debug|Any CPU
		{E500BAA3-8827-4948-864E-948057D66FCD}.Debug|ARM.ActiveCfg = Debug|ARM
		{E500BAA3-8827-4948-864E-948057D66FCD}.Debug|ARM.Build.0 = Debug|ARM
		{E500BAA3-8827-4948-864E-948057D66FCD}.Debug|x64.ActiveCfg = Debug|x64
		{E500BAA3-8827-4948-864E-948057D66FCD}.Debug|x64.Build.0 = Debug|x64
		{E500BAA3-8827-4948-864E-948057D66FCD}.Debug|x86.ActiveCfg = Debug|x86
		{E500BAA3-8827-4948-864E-948057D66FCD}.Debug|x86.Build.0 = Debug|x86
		{E500BAA3-8827-4948-864E-948057D66FCD}.Release|Any CPU.ActiveCfg = Release|Any CPU
		{E500BAA3-8827-4948-864E-948057D66FCD}.Release|Any CPU.Build.0 = Release|Any CPU
		{E500BAA3-8827-4948-864E-948057D66FCD}.Release|ARM.ActiveCfg = Release|ARM
		{E500BAA3-8827-4948-864E-948057D66FCD}.Release|ARM.Build.0 = Release|ARM
		{E500BAA3-8827-4948-864E-948057D66FCD}.Release|x64.ActiveCfg = Release|x64
		{E500BAA3-8827-4948-864E-948057D66FCD}.Release|x64.Build.0 = Release|x64
		{E500BAA3-8827-4948-864E-948057D66FCD}.Release|x86.ActiveCfg = Release|x86
		{E500BAA3-8827-4948-864E-948057D66FCD}.Release|x86.Build.0 = Release|x86
		{A1E6F0DE-FD0E-47FE-BC8A-308D5852DDFE}.Debug|Any CPU.ActiveCfg = Debug|Any CPU
		{A1E6F0DE-FD0E-47FE-BC8A-308D5852DDFE}.Debug|Any CPU.Build.0 = Debug|Any CPU
		{A1E6F0DE-FD0E-47FE-BC8A-308D5852DDFE}.Debug|ARM.ActiveCfg = Debug|Any CPU
		{A1E6F0DE-FD0E-47FE-BC8A-308D5852DDFE}.Debug|ARM.Build.0 = Debug|Any CPU
		{A1E6F0DE-FD0E-47FE-BC8A-308D5852DDFE}.Debug|x64.ActiveCfg = Debug|Any CPU
		{A1E6F0DE-FD0E-47FE-BC8A-308D5852DDFE}.Debug|x64.Build.0 = Debug|Any CPU
		{A1E6F0DE-FD0E-47FE-BC8A-308D5852DDFE}.Debug|x86.ActiveCfg = Debug|Any CPU
		{A1E6F0DE-FD0E-47FE-BC8A-308D5852DDFE}.Debug|x86.Build.0 = Debug|Any CPU
		{A1E6F0DE-FD0E-47FE-BC8A-308D5852DDFE}.Release|Any CPU.ActiveCfg = Release|Any CPU
		{A1E6F0DE-FD0E-47FE-BC8A-308D5852DDFE}.Release|Any CPU.Build.0 = Release|Any CPU
		{A1E6F0DE-FD0E-47FE-BC8A-308D5852DDFE}.Release|ARM.ActiveCfg = Release|Any CPU
		{A1E6F0DE-FD0E-47FE-BC8A-308D5852DDFE}.Release|ARM.Build.0 = Release|Any CPU
		{A1E6F0DE-FD0E-47FE-BC8A-308D5852DDFE}.Release|x64.ActiveCfg = Release|Any CPU
		{A1E6F0DE-FD0E-47FE-BC8A-308D5852DDFE}.Release|x64.Build.0 = Release|Any CPU
		{A1E6F0DE-FD0E-47FE-BC8A-308D5852DDFE}.Release|x86.ActiveCfg = Release|Any CPU
		{A1E6F0DE-FD0E-47FE-BC8A-308D5852DDFE}.Release|x86.Build.0 = Release|Any CPU
		{9F78BD29-D21D-4A2C-9BA9-A115E0DA7D60}.Debug|Any CPU.ActiveCfg = Debug|Any CPU
		{9F78BD29-D21D-4A2C-9BA9-A115E0DA7D60}.Debug|Any CPU.Build.0 = Debug|Any CPU
		{9F78BD29-D21D-4A2C-9BA9-A115E0DA7D60}.Debug|ARM.ActiveCfg = Debug|Any CPU
		{9F78BD29-D21D-4A2C-9BA9-A115E0DA7D60}.Debug|ARM.Build.0 = Debug|Any CPU
		{9F78BD29-D21D-4A2C-9BA9-A115E0DA7D60}.Debug|x64.ActiveCfg = Debug|Any CPU
		{9F78BD29-D21D-4A2C-9BA9-A115E0DA7D60}.Debug|x64.Build.0 = Debug|Any CPU
		{9F78BD29-D21D-4A2C-9BA9-A115E0DA7D60}.Debug|x86.ActiveCfg = Debug|Any CPU
		{9F78BD29-D21D-4A2C-9BA9-A115E0DA7D60}.Debug|x86.Build.0 = Debug|Any CPU
		{9F78BD29-D21D-4A2C-9BA9-A115E0DA7D60}.Release|Any CPU.ActiveCfg = Release|Any CPU
		{9F78BD29-D21D-4A2C-9BA9-A115E0DA7D60}.Release|Any CPU.Build.0 = Release|Any CPU
		{9F78BD29-D21D-4A2C-9BA9-A115E0DA7D60}.Release|ARM.ActiveCfg = Release|Any CPU
		{9F78BD29-D21D-4A2C-9BA9-A115E0DA7D60}.Release|ARM.Build.0 = Release|Any CPU
		{9F78BD29-D21D-4A2C-9BA9-A115E0DA7D60}.Release|x64.ActiveCfg = Release|Any CPU
		{9F78BD29-D21D-4A2C-9BA9-A115E0DA7D60}.Release|x64.Build.0 = Release|Any CPU
		{9F78BD29-D21D-4A2C-9BA9-A115E0DA7D60}.Release|x86.ActiveCfg = Release|Any CPU
		{9F78BD29-D21D-4A2C-9BA9-A115E0DA7D60}.Release|x86.Build.0 = Release|Any CPU
		{7B58BB6A-4AD6-408C-9BA9-9E719F32FA6B}.Debug|Any CPU.ActiveCfg = Debug|Any CPU
		{7B58BB6A-4AD6-408C-9BA9-9E719F32FA6B}.Debug|Any CPU.Build.0 = Debug|Any CPU
		{7B58BB6A-4AD6-408C-9BA9-9E719F32FA6B}.Debug|ARM.ActiveCfg = Debug|Any CPU
		{7B58BB6A-4AD6-408C-9BA9-9E719F32FA6B}.Debug|ARM.Build.0 = Debug|Any CPU
		{7B58BB6A-4AD6-408C-9BA9-9E719F32FA6B}.Debug|x64.ActiveCfg = Debug|Any CPU
		{7B58BB6A-4AD6-408C-9BA9-9E719F32FA6B}.Debug|x64.Build.0 = Debug|Any CPU
		{7B58BB6A-4AD6-408C-9BA9-9E719F32FA6B}.Debug|x86.ActiveCfg = Debug|Any CPU
		{7B58BB6A-4AD6-408C-9BA9-9E719F32FA6B}.Debug|x86.Build.0 = Debug|Any CPU
		{7B58BB6A-4AD6-408C-9BA9-9E719F32FA6B}.Release|Any CPU.ActiveCfg = Release|Any CPU
		{7B58BB6A-4AD6-408C-9BA9-9E719F32FA6B}.Release|Any CPU.Build.0 = Release|Any CPU
		{7B58BB6A-4AD6-408C-9BA9-9E719F32FA6B}.Release|ARM.ActiveCfg = Release|Any CPU
		{7B58BB6A-4AD6-408C-9BA9-9E719F32FA6B}.Release|ARM.Build.0 = Release|Any CPU
		{7B58BB6A-4AD6-408C-9BA9-9E719F32FA6B}.Release|x64.ActiveCfg = Release|Any CPU
		{7B58BB6A-4AD6-408C-9BA9-9E719F32FA6B}.Release|x64.Build.0 = Release|Any CPU
		{7B58BB6A-4AD6-408C-9BA9-9E719F32FA6B}.Release|x86.ActiveCfg = Release|Any CPU
		{7B58BB6A-4AD6-408C-9BA9-9E719F32FA6B}.Release|x86.Build.0 = Release|Any CPU
		{74F8BCC6-44E7-451F-994C-1B76D1B7F3CE}.Debug|Any CPU.ActiveCfg = Debug|Any CPU
		{74F8BCC6-44E7-451F-994C-1B76D1B7F3CE}.Debug|Any CPU.Build.0 = Debug|Any CPU
		{74F8BCC6-44E7-451F-994C-1B76D1B7F3CE}.Debug|ARM.ActiveCfg = Debug|Any CPU
		{74F8BCC6-44E7-451F-994C-1B76D1B7F3CE}.Debug|ARM.Build.0 = Debug|Any CPU
		{74F8BCC6-44E7-451F-994C-1B76D1B7F3CE}.Debug|x64.ActiveCfg = Debug|Any CPU
		{74F8BCC6-44E7-451F-994C-1B76D1B7F3CE}.Debug|x64.Build.0 = Debug|Any CPU
		{74F8BCC6-44E7-451F-994C-1B76D1B7F3CE}.Debug|x86.ActiveCfg = Debug|Any CPU
		{74F8BCC6-44E7-451F-994C-1B76D1B7F3CE}.Debug|x86.Build.0 = Debug|Any CPU
		{74F8BCC6-44E7-451F-994C-1B76D1B7F3CE}.Release|Any CPU.ActiveCfg = Release|Any CPU
		{74F8BCC6-44E7-451F-994C-1B76D1B7F3CE}.Release|Any CPU.Build.0 = Release|Any CPU
		{74F8BCC6-44E7-451F-994C-1B76D1B7F3CE}.Release|ARM.ActiveCfg = Release|Any CPU
		{74F8BCC6-44E7-451F-994C-1B76D1B7F3CE}.Release|ARM.Build.0 = Release|Any CPU
		{74F8BCC6-44E7-451F-994C-1B76D1B7F3CE}.Release|x64.ActiveCfg = Release|Any CPU
		{74F8BCC6-44E7-451F-994C-1B76D1B7F3CE}.Release|x64.Build.0 = Release|Any CPU
		{74F8BCC6-44E7-451F-994C-1B76D1B7F3CE}.Release|x86.ActiveCfg = Release|Any CPU
		{74F8BCC6-44E7-451F-994C-1B76D1B7F3CE}.Release|x86.Build.0 = Release|Any CPU
		{FF7E7DDE-4E80-4377-B1EC-307E4FAA49CE}.Debug|Any CPU.ActiveCfg = Debug|Any CPU
		{FF7E7DDE-4E80-4377-B1EC-307E4FAA49CE}.Debug|Any CPU.Build.0 = Debug|Any CPU
		{FF7E7DDE-4E80-4377-B1EC-307E4FAA49CE}.Debug|ARM.ActiveCfg = Debug|Any CPU
		{FF7E7DDE-4E80-4377-B1EC-307E4FAA49CE}.Debug|ARM.Build.0 = Debug|Any CPU
		{FF7E7DDE-4E80-4377-B1EC-307E4FAA49CE}.Debug|x64.ActiveCfg = Debug|Any CPU
		{FF7E7DDE-4E80-4377-B1EC-307E4FAA49CE}.Debug|x64.Build.0 = Debug|Any CPU
		{FF7E7DDE-4E80-4377-B1EC-307E4FAA49CE}.Debug|x86.ActiveCfg = Debug|Any CPU
		{FF7E7DDE-4E80-4377-B1EC-307E4FAA49CE}.Debug|x86.Build.0 = Debug|Any CPU
		{FF7E7DDE-4E80-4377-B1EC-307E4FAA49CE}.Release|Any CPU.ActiveCfg = Release|Any CPU
		{FF7E7DDE-4E80-4377-B1EC-307E4FAA49CE}.Release|Any CPU.Build.0 = Release|Any CPU
		{FF7E7DDE-4E80-4377-B1EC-307E4FAA49CE}.Release|ARM.ActiveCfg = Release|Any CPU
		{FF7E7DDE-4E80-4377-B1EC-307E4FAA49CE}.Release|ARM.Build.0 = Release|Any CPU
		{FF7E7DDE-4E80-4377-B1EC-307E4FAA49CE}.Release|x64.ActiveCfg = Release|Any CPU
		{FF7E7DDE-4E80-4377-B1EC-307E4FAA49CE}.Release|x64.Build.0 = Release|Any CPU
		{FF7E7DDE-4E80-4377-B1EC-307E4FAA49CE}.Release|x86.ActiveCfg = Release|Any CPU
		{FF7E7DDE-4E80-4377-B1EC-307E4FAA49CE}.Release|x86.Build.0 = Release|Any CPU
		{4F0ACEA0-C2BC-4500-B684-3C304DFDEE03}.Debug|Any CPU.ActiveCfg = Debug|Any CPU
		{4F0ACEA0-C2BC-4500-B684-3C304DFDEE03}.Debug|Any CPU.Build.0 = Debug|Any CPU
		{4F0ACEA0-C2BC-4500-B684-3C304DFDEE03}.Debug|ARM.ActiveCfg = Debug|Any CPU
		{4F0ACEA0-C2BC-4500-B684-3C304DFDEE03}.Debug|ARM.Build.0 = Debug|Any CPU
		{4F0ACEA0-C2BC-4500-B684-3C304DFDEE03}.Debug|x64.ActiveCfg = Debug|Any CPU
		{4F0ACEA0-C2BC-4500-B684-3C304DFDEE03}.Debug|x64.Build.0 = Debug|Any CPU
		{4F0ACEA0-C2BC-4500-B684-3C304DFDEE03}.Debug|x86.ActiveCfg = Debug|Any CPU
		{4F0ACEA0-C2BC-4500-B684-3C304DFDEE03}.Debug|x86.Build.0 = Debug|Any CPU
		{4F0ACEA0-C2BC-4500-B684-3C304DFDEE03}.Release|Any CPU.ActiveCfg = Release|Any CPU
		{4F0ACEA0-C2BC-4500-B684-3C304DFDEE03}.Release|Any CPU.Build.0 = Release|Any CPU
		{4F0ACEA0-C2BC-4500-B684-3C304DFDEE03}.Release|ARM.ActiveCfg = Release|Any CPU
		{4F0ACEA0-C2BC-4500-B684-3C304DFDEE03}.Release|ARM.Build.0 = Release|Any CPU
		{4F0ACEA0-C2BC-4500-B684-3C304DFDEE03}.Release|x64.ActiveCfg = Release|Any CPU
		{4F0ACEA0-C2BC-4500-B684-3C304DFDEE03}.Release|x64.Build.0 = Release|Any CPU
		{4F0ACEA0-C2BC-4500-B684-3C304DFDEE03}.Release|x86.ActiveCfg = Release|Any CPU
		{4F0ACEA0-C2BC-4500-B684-3C304DFDEE03}.Release|x86.Build.0 = Release|Any CPU
		{6CB51411-FDC4-4342-991E-6C5E1CAB190D}.Debug|Any CPU.ActiveCfg = Debug|Any CPU
		{6CB51411-FDC4-4342-991E-6C5E1CAB190D}.Debug|Any CPU.Build.0 = Debug|Any CPU
		{6CB51411-FDC4-4342-991E-6C5E1CAB190D}.Debug|ARM.ActiveCfg = Debug|Any CPU
		{6CB51411-FDC4-4342-991E-6C5E1CAB190D}.Debug|ARM.Build.0 = Debug|Any CPU
		{6CB51411-FDC4-4342-991E-6C5E1CAB190D}.Debug|x64.ActiveCfg = Debug|Any CPU
		{6CB51411-FDC4-4342-991E-6C5E1CAB190D}.Debug|x64.Build.0 = Debug|Any CPU
		{6CB51411-FDC4-4342-991E-6C5E1CAB190D}.Debug|x86.ActiveCfg = Debug|Any CPU
		{6CB51411-FDC4-4342-991E-6C5E1CAB190D}.Debug|x86.Build.0 = Debug|Any CPU
		{6CB51411-FDC4-4342-991E-6C5E1CAB190D}.Release|Any CPU.ActiveCfg = Release|Any CPU
		{6CB51411-FDC4-4342-991E-6C5E1CAB190D}.Release|Any CPU.Build.0 = Release|Any CPU
		{6CB51411-FDC4-4342-991E-6C5E1CAB190D}.Release|ARM.ActiveCfg = Release|Any CPU
		{6CB51411-FDC4-4342-991E-6C5E1CAB190D}.Release|ARM.Build.0 = Release|Any CPU
		{6CB51411-FDC4-4342-991E-6C5E1CAB190D}.Release|x64.ActiveCfg = Release|Any CPU
		{6CB51411-FDC4-4342-991E-6C5E1CAB190D}.Release|x64.Build.0 = Release|Any CPU
		{6CB51411-FDC4-4342-991E-6C5E1CAB190D}.Release|x86.ActiveCfg = Release|Any CPU
		{6CB51411-FDC4-4342-991E-6C5E1CAB190D}.Release|x86.Build.0 = Release|Any CPU
		{4DDC43D6-FE08-45CD-BEE5-AC74A813431C}.Debug|Any CPU.ActiveCfg = Debug|Any CPU
		{4DDC43D6-FE08-45CD-BEE5-AC74A813431C}.Debug|Any CPU.Build.0 = Debug|Any CPU
		{4DDC43D6-FE08-45CD-BEE5-AC74A813431C}.Debug|ARM.ActiveCfg = Debug|Any CPU
		{4DDC43D6-FE08-45CD-BEE5-AC74A813431C}.Debug|ARM.Build.0 = Debug|Any CPU
		{4DDC43D6-FE08-45CD-BEE5-AC74A813431C}.Debug|x64.ActiveCfg = Debug|Any CPU
		{4DDC43D6-FE08-45CD-BEE5-AC74A813431C}.Debug|x64.Build.0 = Debug|Any CPU
		{4DDC43D6-FE08-45CD-BEE5-AC74A813431C}.Debug|x86.ActiveCfg = Debug|Any CPU
		{4DDC43D6-FE08-45CD-BEE5-AC74A813431C}.Debug|x86.Build.0 = Debug|Any CPU
		{4DDC43D6-FE08-45CD-BEE5-AC74A813431C}.Release|Any CPU.ActiveCfg = Release|Any CPU
		{4DDC43D6-FE08-45CD-BEE5-AC74A813431C}.Release|Any CPU.Build.0 = Release|Any CPU
		{4DDC43D6-FE08-45CD-BEE5-AC74A813431C}.Release|ARM.ActiveCfg = Release|Any CPU
		{4DDC43D6-FE08-45CD-BEE5-AC74A813431C}.Release|ARM.Build.0 = Release|Any CPU
		{4DDC43D6-FE08-45CD-BEE5-AC74A813431C}.Release|x64.ActiveCfg = Release|Any CPU
		{4DDC43D6-FE08-45CD-BEE5-AC74A813431C}.Release|x64.Build.0 = Release|Any CPU
		{4DDC43D6-FE08-45CD-BEE5-AC74A813431C}.Release|x86.ActiveCfg = Release|Any CPU
		{4DDC43D6-FE08-45CD-BEE5-AC74A813431C}.Release|x86.Build.0 = Release|Any CPU
		{11220793-E36E-4D6A-8C56-79139B8420B1}.Debug|Any CPU.ActiveCfg = Debug|Any CPU
		{11220793-E36E-4D6A-8C56-79139B8420B1}.Debug|Any CPU.Build.0 = Debug|Any CPU
		{11220793-E36E-4D6A-8C56-79139B8420B1}.Debug|ARM.ActiveCfg = Debug|Any CPU
		{11220793-E36E-4D6A-8C56-79139B8420B1}.Debug|ARM.Build.0 = Debug|Any CPU
		{11220793-E36E-4D6A-8C56-79139B8420B1}.Debug|x64.ActiveCfg = Debug|Any CPU
		{11220793-E36E-4D6A-8C56-79139B8420B1}.Debug|x64.Build.0 = Debug|Any CPU
		{11220793-E36E-4D6A-8C56-79139B8420B1}.Debug|x86.ActiveCfg = Debug|Any CPU
		{11220793-E36E-4D6A-8C56-79139B8420B1}.Debug|x86.Build.0 = Debug|Any CPU
		{11220793-E36E-4D6A-8C56-79139B8420B1}.Release|Any CPU.ActiveCfg = Release|Any CPU
		{11220793-E36E-4D6A-8C56-79139B8420B1}.Release|Any CPU.Build.0 = Release|Any CPU
		{11220793-E36E-4D6A-8C56-79139B8420B1}.Release|ARM.ActiveCfg = Release|Any CPU
		{11220793-E36E-4D6A-8C56-79139B8420B1}.Release|ARM.Build.0 = Release|Any CPU
		{11220793-E36E-4D6A-8C56-79139B8420B1}.Release|x64.ActiveCfg = Release|Any CPU
		{11220793-E36E-4D6A-8C56-79139B8420B1}.Release|x64.Build.0 = Release|Any CPU
		{11220793-E36E-4D6A-8C56-79139B8420B1}.Release|x86.ActiveCfg = Release|Any CPU
		{11220793-E36E-4D6A-8C56-79139B8420B1}.Release|x86.Build.0 = Release|Any CPU
		{C36681E1-11AF-4A19-B6E8-DD263F931331}.Debug|Any CPU.ActiveCfg = Debug|Any CPU
		{C36681E1-11AF-4A19-B6E8-DD263F931331}.Debug|Any CPU.Build.0 = Debug|Any CPU
		{C36681E1-11AF-4A19-B6E8-DD263F931331}.Debug|ARM.ActiveCfg = Debug|Any CPU
		{C36681E1-11AF-4A19-B6E8-DD263F931331}.Debug|ARM.Build.0 = Debug|Any CPU
		{C36681E1-11AF-4A19-B6E8-DD263F931331}.Debug|x64.ActiveCfg = Debug|Any CPU
		{C36681E1-11AF-4A19-B6E8-DD263F931331}.Debug|x64.Build.0 = Debug|Any CPU
		{C36681E1-11AF-4A19-B6E8-DD263F931331}.Debug|x86.ActiveCfg = Debug|Any CPU
		{C36681E1-11AF-4A19-B6E8-DD263F931331}.Debug|x86.Build.0 = Debug|Any CPU
		{C36681E1-11AF-4A19-B6E8-DD263F931331}.Release|Any CPU.ActiveCfg = Release|Any CPU
		{C36681E1-11AF-4A19-B6E8-DD263F931331}.Release|Any CPU.Build.0 = Release|Any CPU
		{C36681E1-11AF-4A19-B6E8-DD263F931331}.Release|ARM.ActiveCfg = Release|Any CPU
		{C36681E1-11AF-4A19-B6E8-DD263F931331}.Release|ARM.Build.0 = Release|Any CPU
		{C36681E1-11AF-4A19-B6E8-DD263F931331}.Release|x64.ActiveCfg = Release|Any CPU
		{C36681E1-11AF-4A19-B6E8-DD263F931331}.Release|x64.Build.0 = Release|Any CPU
		{C36681E1-11AF-4A19-B6E8-DD263F931331}.Release|x86.ActiveCfg = Release|Any CPU
		{C36681E1-11AF-4A19-B6E8-DD263F931331}.Release|x86.Build.0 = Release|Any CPU
		{4F2F3BA6-1EE9-4C40-8FDC-81A8267B8265}.Debug|Any CPU.ActiveCfg = Debug|Any CPU
		{4F2F3BA6-1EE9-4C40-8FDC-81A8267B8265}.Debug|Any CPU.Build.0 = Debug|Any CPU
		{4F2F3BA6-1EE9-4C40-8FDC-81A8267B8265}.Debug|ARM.ActiveCfg = Debug|Any CPU
		{4F2F3BA6-1EE9-4C40-8FDC-81A8267B8265}.Debug|ARM.Build.0 = Debug|Any CPU
		{4F2F3BA6-1EE9-4C40-8FDC-81A8267B8265}.Debug|x64.ActiveCfg = Debug|Any CPU
		{4F2F3BA6-1EE9-4C40-8FDC-81A8267B8265}.Debug|x64.Build.0 = Debug|Any CPU
		{4F2F3BA6-1EE9-4C40-8FDC-81A8267B8265}.Debug|x86.ActiveCfg = Debug|Any CPU
		{4F2F3BA6-1EE9-4C40-8FDC-81A8267B8265}.Debug|x86.Build.0 = Debug|Any CPU
		{4F2F3BA6-1EE9-4C40-8FDC-81A8267B8265}.Release|Any CPU.ActiveCfg = Release|Any CPU
		{4F2F3BA6-1EE9-4C40-8FDC-81A8267B8265}.Release|Any CPU.Build.0 = Release|Any CPU
		{4F2F3BA6-1EE9-4C40-8FDC-81A8267B8265}.Release|ARM.ActiveCfg = Release|Any CPU
		{4F2F3BA6-1EE9-4C40-8FDC-81A8267B8265}.Release|ARM.Build.0 = Release|Any CPU
		{4F2F3BA6-1EE9-4C40-8FDC-81A8267B8265}.Release|x64.ActiveCfg = Release|Any CPU
		{4F2F3BA6-1EE9-4C40-8FDC-81A8267B8265}.Release|x64.Build.0 = Release|Any CPU
		{4F2F3BA6-1EE9-4C40-8FDC-81A8267B8265}.Release|x86.ActiveCfg = Release|Any CPU
		{4F2F3BA6-1EE9-4C40-8FDC-81A8267B8265}.Release|x86.Build.0 = Release|Any CPU
		{C93774D9-B685-4DD0-8F32-69DEF6ABB883}.Debug|Any CPU.ActiveCfg = Debug|Any CPU
		{C93774D9-B685-4DD0-8F32-69DEF6ABB883}.Debug|Any CPU.Build.0 = Debug|Any CPU
		{C93774D9-B685-4DD0-8F32-69DEF6ABB883}.Debug|ARM.ActiveCfg = Debug|Any CPU
		{C93774D9-B685-4DD0-8F32-69DEF6ABB883}.Debug|ARM.Build.0 = Debug|Any CPU
		{C93774D9-B685-4DD0-8F32-69DEF6ABB883}.Debug|x64.ActiveCfg = Debug|Any CPU
		{C93774D9-B685-4DD0-8F32-69DEF6ABB883}.Debug|x64.Build.0 = Debug|Any CPU
		{C93774D9-B685-4DD0-8F32-69DEF6ABB883}.Debug|x86.ActiveCfg = Debug|Any CPU
		{C93774D9-B685-4DD0-8F32-69DEF6ABB883}.Debug|x86.Build.0 = Debug|Any CPU
		{C93774D9-B685-4DD0-8F32-69DEF6ABB883}.Release|Any CPU.ActiveCfg = Release|Any CPU
		{C93774D9-B685-4DD0-8F32-69DEF6ABB883}.Release|Any CPU.Build.0 = Release|Any CPU
		{C93774D9-B685-4DD0-8F32-69DEF6ABB883}.Release|ARM.ActiveCfg = Release|Any CPU
		{C93774D9-B685-4DD0-8F32-69DEF6ABB883}.Release|ARM.Build.0 = Release|Any CPU
		{C93774D9-B685-4DD0-8F32-69DEF6ABB883}.Release|x64.ActiveCfg = Release|Any CPU
		{C93774D9-B685-4DD0-8F32-69DEF6ABB883}.Release|x64.Build.0 = Release|Any CPU
		{C93774D9-B685-4DD0-8F32-69DEF6ABB883}.Release|x86.ActiveCfg = Release|Any CPU
		{C93774D9-B685-4DD0-8F32-69DEF6ABB883}.Release|x86.Build.0 = Release|Any CPU
		{B9417284-A96F-413D-AF16-201D25FCBFE6}.Debug|Any CPU.ActiveCfg = Debug|Any CPU
		{B9417284-A96F-413D-AF16-201D25FCBFE6}.Debug|Any CPU.Build.0 = Debug|Any CPU
		{B9417284-A96F-413D-AF16-201D25FCBFE6}.Debug|ARM.ActiveCfg = Debug|Any CPU
		{B9417284-A96F-413D-AF16-201D25FCBFE6}.Debug|ARM.Build.0 = Debug|Any CPU
		{B9417284-A96F-413D-AF16-201D25FCBFE6}.Debug|x64.ActiveCfg = Debug|Any CPU
		{B9417284-A96F-413D-AF16-201D25FCBFE6}.Debug|x64.Build.0 = Debug|Any CPU
		{B9417284-A96F-413D-AF16-201D25FCBFE6}.Debug|x86.ActiveCfg = Debug|Any CPU
		{B9417284-A96F-413D-AF16-201D25FCBFE6}.Debug|x86.Build.0 = Debug|Any CPU
		{B9417284-A96F-413D-AF16-201D25FCBFE6}.Release|Any CPU.ActiveCfg = Release|Any CPU
		{B9417284-A96F-413D-AF16-201D25FCBFE6}.Release|Any CPU.Build.0 = Release|Any CPU
		{B9417284-A96F-413D-AF16-201D25FCBFE6}.Release|ARM.ActiveCfg = Release|Any CPU
		{B9417284-A96F-413D-AF16-201D25FCBFE6}.Release|ARM.Build.0 = Release|Any CPU
		{B9417284-A96F-413D-AF16-201D25FCBFE6}.Release|x64.ActiveCfg = Release|Any CPU
		{B9417284-A96F-413D-AF16-201D25FCBFE6}.Release|x64.Build.0 = Release|Any CPU
		{B9417284-A96F-413D-AF16-201D25FCBFE6}.Release|x86.ActiveCfg = Release|Any CPU
		{B9417284-A96F-413D-AF16-201D25FCBFE6}.Release|x86.Build.0 = Release|Any CPU
		{BC360AC8-A54A-4DC1-A144-217EF840977E}.Debug|Any CPU.ActiveCfg = Debug|Any CPU
		{BC360AC8-A54A-4DC1-A144-217EF840977E}.Debug|Any CPU.Build.0 = Debug|Any CPU
		{BC360AC8-A54A-4DC1-A144-217EF840977E}.Debug|ARM.ActiveCfg = Debug|Any CPU
		{BC360AC8-A54A-4DC1-A144-217EF840977E}.Debug|ARM.Build.0 = Debug|Any CPU
		{BC360AC8-A54A-4DC1-A144-217EF840977E}.Debug|x64.ActiveCfg = Debug|Any CPU
		{BC360AC8-A54A-4DC1-A144-217EF840977E}.Debug|x64.Build.0 = Debug|Any CPU
		{BC360AC8-A54A-4DC1-A144-217EF840977E}.Debug|x86.ActiveCfg = Debug|Any CPU
		{BC360AC8-A54A-4DC1-A144-217EF840977E}.Debug|x86.Build.0 = Debug|Any CPU
		{BC360AC8-A54A-4DC1-A144-217EF840977E}.Release|Any CPU.ActiveCfg = Release|Any CPU
		{BC360AC8-A54A-4DC1-A144-217EF840977E}.Release|Any CPU.Build.0 = Release|Any CPU
		{BC360AC8-A54A-4DC1-A144-217EF840977E}.Release|ARM.ActiveCfg = Release|Any CPU
		{BC360AC8-A54A-4DC1-A144-217EF840977E}.Release|ARM.Build.0 = Release|Any CPU
		{BC360AC8-A54A-4DC1-A144-217EF840977E}.Release|x64.ActiveCfg = Release|Any CPU
		{BC360AC8-A54A-4DC1-A144-217EF840977E}.Release|x64.Build.0 = Release|Any CPU
		{BC360AC8-A54A-4DC1-A144-217EF840977E}.Release|x86.ActiveCfg = Release|Any CPU
		{BC360AC8-A54A-4DC1-A144-217EF840977E}.Release|x86.Build.0 = Release|Any CPU
		{D9D90494-C981-4216-8E5E-3982DD07A41F}.Debug|Any CPU.ActiveCfg = Debug|Any CPU
		{D9D90494-C981-4216-8E5E-3982DD07A41F}.Debug|Any CPU.Build.0 = Debug|Any CPU
		{D9D90494-C981-4216-8E5E-3982DD07A41F}.Debug|ARM.ActiveCfg = Debug|Any CPU
		{D9D90494-C981-4216-8E5E-3982DD07A41F}.Debug|ARM.Build.0 = Debug|Any CPU
		{D9D90494-C981-4216-8E5E-3982DD07A41F}.Debug|x64.ActiveCfg = Debug|Any CPU
		{D9D90494-C981-4216-8E5E-3982DD07A41F}.Debug|x64.Build.0 = Debug|Any CPU
		{D9D90494-C981-4216-8E5E-3982DD07A41F}.Debug|x86.ActiveCfg = Debug|Any CPU
		{D9D90494-C981-4216-8E5E-3982DD07A41F}.Debug|x86.Build.0 = Debug|Any CPU
		{D9D90494-C981-4216-8E5E-3982DD07A41F}.Release|Any CPU.ActiveCfg = Release|Any CPU
		{D9D90494-C981-4216-8E5E-3982DD07A41F}.Release|Any CPU.Build.0 = Release|Any CPU
		{D9D90494-C981-4216-8E5E-3982DD07A41F}.Release|ARM.ActiveCfg = Release|Any CPU
		{D9D90494-C981-4216-8E5E-3982DD07A41F}.Release|ARM.Build.0 = Release|Any CPU
		{D9D90494-C981-4216-8E5E-3982DD07A41F}.Release|x64.ActiveCfg = Release|Any CPU
		{D9D90494-C981-4216-8E5E-3982DD07A41F}.Release|x64.Build.0 = Release|Any CPU
		{D9D90494-C981-4216-8E5E-3982DD07A41F}.Release|x86.ActiveCfg = Release|Any CPU
		{D9D90494-C981-4216-8E5E-3982DD07A41F}.Release|x86.Build.0 = Release|Any CPU
		{88515806-7D25-4A29-ABAC-118DD2A53CF4}.Debug|Any CPU.ActiveCfg = Debug|Any CPU
		{88515806-7D25-4A29-ABAC-118DD2A53CF4}.Debug|Any CPU.Build.0 = Debug|Any CPU
		{88515806-7D25-4A29-ABAC-118DD2A53CF4}.Debug|ARM.ActiveCfg = Debug|Any CPU
		{88515806-7D25-4A29-ABAC-118DD2A53CF4}.Debug|ARM.Build.0 = Debug|Any CPU
		{88515806-7D25-4A29-ABAC-118DD2A53CF4}.Debug|x64.ActiveCfg = Debug|Any CPU
		{88515806-7D25-4A29-ABAC-118DD2A53CF4}.Debug|x64.Build.0 = Debug|Any CPU
		{88515806-7D25-4A29-ABAC-118DD2A53CF4}.Debug|x86.ActiveCfg = Debug|Any CPU
		{88515806-7D25-4A29-ABAC-118DD2A53CF4}.Debug|x86.Build.0 = Debug|Any CPU
		{88515806-7D25-4A29-ABAC-118DD2A53CF4}.Release|Any CPU.ActiveCfg = Release|Any CPU
		{88515806-7D25-4A29-ABAC-118DD2A53CF4}.Release|Any CPU.Build.0 = Release|Any CPU
		{88515806-7D25-4A29-ABAC-118DD2A53CF4}.Release|ARM.ActiveCfg = Release|Any CPU
		{88515806-7D25-4A29-ABAC-118DD2A53CF4}.Release|ARM.Build.0 = Release|Any CPU
		{88515806-7D25-4A29-ABAC-118DD2A53CF4}.Release|x64.ActiveCfg = Release|Any CPU
		{88515806-7D25-4A29-ABAC-118DD2A53CF4}.Release|x64.Build.0 = Release|Any CPU
		{88515806-7D25-4A29-ABAC-118DD2A53CF4}.Release|x86.ActiveCfg = Release|Any CPU
		{88515806-7D25-4A29-ABAC-118DD2A53CF4}.Release|x86.Build.0 = Release|Any CPU
		{9775CBC9-6214-4610-95AA-3BFA2BD4A749}.Debug|Any CPU.ActiveCfg = Debug|Any CPU
		{9775CBC9-6214-4610-95AA-3BFA2BD4A749}.Debug|Any CPU.Build.0 = Debug|Any CPU
		{9775CBC9-6214-4610-95AA-3BFA2BD4A749}.Debug|ARM.ActiveCfg = Debug|Any CPU
		{9775CBC9-6214-4610-95AA-3BFA2BD4A749}.Debug|ARM.Build.0 = Debug|Any CPU
		{9775CBC9-6214-4610-95AA-3BFA2BD4A749}.Debug|x64.ActiveCfg = Debug|Any CPU
		{9775CBC9-6214-4610-95AA-3BFA2BD4A749}.Debug|x64.Build.0 = Debug|Any CPU
		{9775CBC9-6214-4610-95AA-3BFA2BD4A749}.Debug|x86.ActiveCfg = Debug|Any CPU
		{9775CBC9-6214-4610-95AA-3BFA2BD4A749}.Release|Any CPU.ActiveCfg = Release|Any CPU
		{9775CBC9-6214-4610-95AA-3BFA2BD4A749}.Release|Any CPU.Build.0 = Release|Any CPU
		{9775CBC9-6214-4610-95AA-3BFA2BD4A749}.Release|ARM.ActiveCfg = Release|Any CPU
		{9775CBC9-6214-4610-95AA-3BFA2BD4A749}.Release|ARM.Build.0 = Release|Any CPU
		{9775CBC9-6214-4610-95AA-3BFA2BD4A749}.Release|x64.ActiveCfg = Release|Any CPU
		{9775CBC9-6214-4610-95AA-3BFA2BD4A749}.Release|x64.Build.0 = Release|Any CPU
		{9775CBC9-6214-4610-95AA-3BFA2BD4A749}.Release|x86.ActiveCfg = Release|Any CPU
		{9775CBC9-6214-4610-95AA-3BFA2BD4A749}.Release|x86.Build.0 = Release|Any CPU
		{7DFCB724-EB78-4A56-8D09-37522B6D08D0}.Debug|Any CPU.ActiveCfg = Debug|x86
		{7DFCB724-EB78-4A56-8D09-37522B6D08D0}.Debug|Any CPU.Build.0 = Debug|x86
		{7DFCB724-EB78-4A56-8D09-37522B6D08D0}.Debug|Any CPU.Deploy.0 = Debug|x86
		{7DFCB724-EB78-4A56-8D09-37522B6D08D0}.Debug|ARM.ActiveCfg = Debug|ARM
		{7DFCB724-EB78-4A56-8D09-37522B6D08D0}.Debug|ARM.Build.0 = Debug|ARM
		{7DFCB724-EB78-4A56-8D09-37522B6D08D0}.Debug|ARM.Deploy.0 = Debug|ARM
		{7DFCB724-EB78-4A56-8D09-37522B6D08D0}.Debug|x64.ActiveCfg = Debug|x64
		{7DFCB724-EB78-4A56-8D09-37522B6D08D0}.Debug|x64.Build.0 = Debug|x64
		{7DFCB724-EB78-4A56-8D09-37522B6D08D0}.Debug|x64.Deploy.0 = Debug|x64
		{7DFCB724-EB78-4A56-8D09-37522B6D08D0}.Debug|x86.ActiveCfg = Debug|x86
		{7DFCB724-EB78-4A56-8D09-37522B6D08D0}.Debug|x86.Build.0 = Debug|x86
		{7DFCB724-EB78-4A56-8D09-37522B6D08D0}.Debug|x86.Deploy.0 = Debug|x86
		{7DFCB724-EB78-4A56-8D09-37522B6D08D0}.Release|Any CPU.ActiveCfg = Release|x86
		{7DFCB724-EB78-4A56-8D09-37522B6D08D0}.Release|ARM.ActiveCfg = Release|ARM
		{7DFCB724-EB78-4A56-8D09-37522B6D08D0}.Release|ARM.Build.0 = Release|ARM
		{7DFCB724-EB78-4A56-8D09-37522B6D08D0}.Release|ARM.Deploy.0 = Release|ARM
		{7DFCB724-EB78-4A56-8D09-37522B6D08D0}.Release|x64.ActiveCfg = Release|x64
		{7DFCB724-EB78-4A56-8D09-37522B6D08D0}.Release|x64.Build.0 = Release|x64
		{7DFCB724-EB78-4A56-8D09-37522B6D08D0}.Release|x64.Deploy.0 = Release|x64
		{7DFCB724-EB78-4A56-8D09-37522B6D08D0}.Release|x86.ActiveCfg = Release|x86
		{7DFCB724-EB78-4A56-8D09-37522B6D08D0}.Release|x86.Build.0 = Release|x86
		{7DFCB724-EB78-4A56-8D09-37522B6D08D0}.Release|x86.Deploy.0 = Release|x86
	EndGlobalSection
	GlobalSection(SolutionProperties) = preSolution
		HideSolutionNode = FALSE
	EndGlobalSection
	GlobalSection(NestedProjects) = preSolution
		{F8C85600-DF87-4329-A1DF-528B72186EB4} = {6C471188-6D80-40C2-A44C-5F95218FD046}
		{E500BAA3-8827-4948-864E-948057D66FCD} = {F8C85600-DF87-4329-A1DF-528B72186EB4}
		{16F8AE28-5630-45CD-95FE-9374380C3110} = {6C471188-6D80-40C2-A44C-5F95218FD046}
		{A1E6F0DE-FD0E-47FE-BC8A-308D5852DDFE} = {16F8AE28-5630-45CD-95FE-9374380C3110}
		{9F78BD29-D21D-4A2C-9BA9-A115E0DA7D60} = {16F8AE28-5630-45CD-95FE-9374380C3110}
		{7B58BB6A-4AD6-408C-9BA9-9E719F32FA6B} = {16F8AE28-5630-45CD-95FE-9374380C3110}
		{481AB6F4-158D-4A42-AC5E-BDCF1646B944} = {6C471188-6D80-40C2-A44C-5F95218FD046}
		{18966265-A0DD-4BE0-A94B-6C557D8E6C3A} = {481AB6F4-158D-4A42-AC5E-BDCF1646B944}
		{74F8BCC6-44E7-451F-994C-1B76D1B7F3CE} = {18966265-A0DD-4BE0-A94B-6C557D8E6C3A}
		{FF7E7DDE-4E80-4377-B1EC-307E4FAA49CE} = {18966265-A0DD-4BE0-A94B-6C557D8E6C3A}
		{8FD7B589-F105-4D5B-BA50-8C95766BF853} = {481AB6F4-158D-4A42-AC5E-BDCF1646B944}
		{4F0ACEA0-C2BC-4500-B684-3C304DFDEE03} = {8FD7B589-F105-4D5B-BA50-8C95766BF853}
		{6CB51411-FDC4-4342-991E-6C5E1CAB190D} = {8FD7B589-F105-4D5B-BA50-8C95766BF853}
		{4DDC43D6-FE08-45CD-BEE5-AC74A813431C} = {8FD7B589-F105-4D5B-BA50-8C95766BF853}
		{11220793-E36E-4D6A-8C56-79139B8420B1} = {C6BFC49D-B321-4792-8290-E4147CCA7D96}
		{C36681E1-11AF-4A19-B6E8-DD263F931331} = {C6BFC49D-B321-4792-8290-E4147CCA7D96}
		{4F2F3BA6-1EE9-4C40-8FDC-81A8267B8265} = {8FD7B589-F105-4D5B-BA50-8C95766BF853}
		{C93774D9-B685-4DD0-8F32-69DEF6ABB883} = {C6BFC49D-B321-4792-8290-E4147CCA7D96}
		{B9417284-A96F-413D-AF16-201D25FCBFE6} = {C6BFC49D-B321-4792-8290-E4147CCA7D96}
		{BC360AC8-A54A-4DC1-A144-217EF840977E} = {C6BFC49D-B321-4792-8290-E4147CCA7D96}
		{D9D90494-C981-4216-8E5E-3982DD07A41F} = {C6BFC49D-B321-4792-8290-E4147CCA7D96}
		{88515806-7D25-4A29-ABAC-118DD2A53CF4} = {C6BFC49D-B321-4792-8290-E4147CCA7D96}
		{9775CBC9-6214-4610-95AA-3BFA2BD4A749} = {C6BFC49D-B321-4792-8290-E4147CCA7D96}
		{7DFCB724-EB78-4A56-8D09-37522B6D08D0} = {6C471188-6D80-40C2-A44C-5F95218FD046}
	EndGlobalSection
	GlobalSection(ExtensibilityGlobals) = postSolution
		SolutionGuid = {045BD384-7BC0-44BD-9F07-4F27DE08492F}
	EndGlobalSection
EndGlobal
